// !$*UTF8*$!
{
	archiveVersion = 1;
	classes = {
	};
	objectVersion = 46;
	objects = {

/* Begin PBXBuildFile section */
		210E159F1A67C92700342A39 /* CRVVideoAsset.h in Headers */ = {isa = PBXBuildFile; fileRef = 210E159D1A67C92700342A39 /* CRVVideoAsset.h */; settings = {ATTRIBUTES = (Public, ); }; };
		210E15A01A67C92700342A39 /* CRVVideoAsset.m in Sources */ = {isa = PBXBuildFile; fileRef = 210E159E1A67C92700342A39 /* CRVVideoAsset.m */; };
		210E15A31A67EB4700342A39 /* CRVAssertTypeUtils.h in Headers */ = {isa = PBXBuildFile; fileRef = 210E15A11A67EB4700342A39 /* CRVAssertTypeUtils.h */; };
		210E15A41A67EB4700342A39 /* CRVAssertTypeUtils.m in Sources */ = {isa = PBXBuildFile; fileRef = 210E15A21A67EB4700342A39 /* CRVAssertTypeUtils.m */; };
		218C87751A7FAFBD005E1029 /* CRVTestSaveAssetTask.m in Sources */ = {isa = PBXBuildFile; fileRef = 218C87741A7FAFBD005E1029 /* CRVTestSaveAssetTask.m */; };
		219BBFB71A690624003A97D3 /* seconds.mp4 in Resources */ = {isa = PBXBuildFile; fileRef = 219BBFB61A690624003A97D3 /* seconds.mp4 */; };
		219BBFBC1A693BD3003A97D3 /* CRVVideoAssetTypedefs.h in Headers */ = {isa = PBXBuildFile; fileRef = 219BBFBB1A693AD5003A97D3 /* CRVVideoAssetTypedefs.h */; settings = {ATTRIBUTES = (Public, ); }; };
		219BBFC71A6959DB003A97D3 /* CRVSaveAssetTask.h in Headers */ = {isa = PBXBuildFile; fileRef = 219BBFC51A6959DB003A97D3 /* CRVSaveAssetTask.h */; settings = {ATTRIBUTES = (Public, ); }; };
		219BBFC81A6959DB003A97D3 /* CRVSaveAssetTask.m in Sources */ = {isa = PBXBuildFile; fileRef = 219BBFC61A6959DB003A97D3 /* CRVSaveAssetTask.m */; };
		21A75BEB1A6E513A003A7E0A /* CRVVideoDataStreamProvider.h in Headers */ = {isa = PBXBuildFile; fileRef = 21A75BE91A6E513A003A7E0A /* CRVVideoDataStreamProvider.h */; };
		21A75BEC1A6E513A003A7E0A /* CRVVideoDataStreamProvider.m in Sources */ = {isa = PBXBuildFile; fileRef = 21A75BEA1A6E513A003A7E0A /* CRVVideoDataStreamProvider.m */; };
		21A75BEF1A6E514E003A7E0A /* CRVVideoFileStreamProvider.h in Headers */ = {isa = PBXBuildFile; fileRef = 21A75BED1A6E514E003A7E0A /* CRVVideoFileStreamProvider.h */; };
		21A75BF01A6E514E003A7E0A /* CRVVideoFileStreamProvider.m in Sources */ = {isa = PBXBuildFile; fileRef = 21A75BEE1A6E514E003A7E0A /* CRVVideoFileStreamProvider.m */; };
		21E6F66C1A690273001505F8 /* seconds.mov in Resources */ = {isa = PBXBuildFile; fileRef = 21E6F66B1A690273001505F8 /* seconds.mov */; };
		21F0406E1A801DE50042E6A8 /* CRVVideoAssetSpec.m in Sources */ = {isa = PBXBuildFile; fileRef = 21E6F6671A68FF7F001505F8 /* CRVVideoAssetSpec.m */; };
		21F40E8B1A818451000277BD /* CRVImageAssetSpec.m in Sources */ = {isa = PBXBuildFile; fileRef = 3AF3BDA11A50671F005BF9C4 /* CRVImageAssetSpec.m */; };
		21F40E8C1A818458000277BD /* CRVNetworkManagerSpec.m in Sources */ = {isa = PBXBuildFile; fileRef = 5E36AD0B1A67BFE50080FF80 /* CRVNetworkManagerSpec.m */; };
		21F40E8D1A81845C000277BD /* CRVSessionManagerSpec.m in Sources */ = {isa = PBXBuildFile; fileRef = 5E50069B1A6D33EA00444E5D /* CRVSessionManagerSpec.m */; };
		21F40E8E1A81845E000277BD /* CRVSessionTaskManagerSpec.m in Sources */ = {isa = PBXBuildFile; fileRef = 5E758E4A1A694D6E00405A20 /* CRVSessionTaskManagerSpec.m */; };
		21F40E8F1A818460000277BD /* CRVAnchorPointSpec.m in Sources */ = {isa = PBXBuildFile; fileRef = 5E94A4C11A7A878F00F98C18 /* CRVAnchorPointSpec.m */; };
		21F40E901A818463000277BD /* CRVWhitelistManagerSpec.m in Sources */ = {isa = PBXBuildFile; fileRef = 7C8BCD5B1A7F8904005DF4B8 /* CRVWhitelistManagerSpec.m */; };
		21F40E911A818465000277BD /* CRVSaveAssetTaskSpec.m in Sources */ = {isa = PBXBuildFile; fileRef = 218C87761A7FB0E4005E1029 /* CRVSaveAssetTaskSpec.m */; };
		21F7F9211A8023DA001DEC45 /* CRVAssetTypeBehavior.m in Sources */ = {isa = PBXBuildFile; fileRef = 3A3FE8621A51660E0052C58E /* CRVAssetTypeBehavior.m */; };
		3A3FE8611A5161490052C58E /* EXPMatchers+CRVAssetType.m in Sources */ = {isa = PBXBuildFile; fileRef = 3A3FE8601A5161490052C58E /* EXPMatchers+CRVAssetType.m */; };
		3A3FE8681A517CE60052C58E /* CRVImageEditViewController.h in Headers */ = {isa = PBXBuildFile; fileRef = 3A3FE8661A517CE60052C58E /* CRVImageEditViewController.h */; settings = {ATTRIBUTES = (Public, ); }; };
		3A3FE8691A517CE60052C58E /* CRVImageEditViewController.m in Sources */ = {isa = PBXBuildFile; fileRef = 3A3FE8671A517CE60052C58E /* CRVImageEditViewController.m */; };
		3A58AAD41A5E97BF0056E21D /* CRVRootViewController.m in Sources */ = {isa = PBXBuildFile; fileRef = 3A58AAD31A5E97BF0056E21D /* CRVRootViewController.m */; };
		3A6F28681A5039BB0049DC9F /* Carrierwave.h in Headers */ = {isa = PBXBuildFile; fileRef = 3A6F28671A5039BB0049DC9F /* Carrierwave.h */; settings = {ATTRIBUTES = (Public, ); }; };
		3A6F286B1A5039C30049DC9F /* CRVAppDelegate.m in Sources */ = {isa = PBXBuildFile; fileRef = 3A6F286A1A5039C30049DC9F /* CRVAppDelegate.m */; };
		3ADC0E711A5ADB10009F4D4B /* CRVImageEditGlassView.h in Headers */ = {isa = PBXBuildFile; fileRef = 3ADC0E6F1A5ADB10009F4D4B /* CRVImageEditGlassView.h */; settings = {ATTRIBUTES = (Private, ); }; };
		3ADC0E721A5ADB10009F4D4B /* CRVImageEditGlassView.m in Sources */ = {isa = PBXBuildFile; fileRef = 3ADC0E701A5ADB10009F4D4B /* CRVImageEditGlassView.m */; };
		3ADC0E751A5AE7AA009F4D4B /* CRVImageEditScrollView.h in Headers */ = {isa = PBXBuildFile; fileRef = 3ADC0E731A5AE7AA009F4D4B /* CRVImageEditScrollView.h */; };
		3ADC0E761A5AE7AA009F4D4B /* CRVImageEditScrollView.m in Sources */ = {isa = PBXBuildFile; fileRef = 3ADC0E741A5AE7AA009F4D4B /* CRVImageEditScrollView.m */; };
		3AE3341E1A4ED2B10030F632 /* Carrierwave.framework in Frameworks */ = {isa = PBXBuildFile; fileRef = 3AE333CE1A4ED06B0030F632 /* Carrierwave.framework */; };
		3AE334271A4ED2F30030F632 /* Carrierwave.framework in Frameworks */ = {isa = PBXBuildFile; fileRef = 3AE333CE1A4ED06B0030F632 /* Carrierwave.framework */; };
		3AE334281A4ED2F30030F632 /* Carrierwave.framework in Embed Frameworks */ = {isa = PBXBuildFile; fileRef = 3AE333CE1A4ED06B0030F632 /* Carrierwave.framework */; settings = {ATTRIBUTES = (CodeSignOnCopy, RemoveHeadersOnCopy, ); }; };
		3AE3342C1A4ED3020030F632 /* Foundation.framework in Frameworks */ = {isa = PBXBuildFile; fileRef = 3A42F1451A4DBEAD00A6F9CD /* Foundation.framework */; };
		3AE3342D1A4ED3080030F632 /* UIKit.framework in Frameworks */ = {isa = PBXBuildFile; fileRef = 3A42F1431A4DBEA900A6F9CD /* UIKit.framework */; };
		3AE3342E1A4ED30D0030F632 /* QuartzCore.framework in Frameworks */ = {isa = PBXBuildFile; fileRef = 3A42F1471A4DBEB700A6F9CD /* QuartzCore.framework */; };
		3AE334321A4ED4840030F632 /* Carrierwave-Demo-Main.m in Sources */ = {isa = PBXBuildFile; fileRef = 3AE340C01A4DCC1500993352 /* Carrierwave-Demo-Main.m */; };
		3AE3343B1A4ED4B70030F632 /* Main.storyboard in Resources */ = {isa = PBXBuildFile; fileRef = 3AE334351A4ED4B00030F632 /* Main.storyboard */; };
		3AE3343C1A4ED4BC0030F632 /* Images.xcassets in Resources */ = {isa = PBXBuildFile; fileRef = 3AE334371A4ED4B00030F632 /* Images.xcassets */; };
		3AE334471A4EDCB60030F632 /* Foundation.framework in Frameworks */ = {isa = PBXBuildFile; fileRef = 3A42F1451A4DBEAD00A6F9CD /* Foundation.framework */; };
		3AF3BD941A50447A005BF9C4 /* CRVImageAsset.h in Headers */ = {isa = PBXBuildFile; fileRef = 3AF3BD921A50447A005BF9C4 /* CRVImageAsset.h */; settings = {ATTRIBUTES = (Public, ); }; };
		3AF3BD951A50447A005BF9C4 /* CRVImageAsset.m in Sources */ = {isa = PBXBuildFile; fileRef = 3AF3BD931A50447A005BF9C4 /* CRVImageAsset.m */; };
		3AF3BD9C1A50461D005BF9C4 /* CRVAssetType.h in Headers */ = {isa = PBXBuildFile; fileRef = 3AF3BD9B1A50461D005BF9C4 /* CRVAssetType.h */; settings = {ATTRIBUTES = (Public, ); }; };
		3AF3BDA01A5061B0005BF9C4 /* MobileCoreServices.framework in Frameworks */ = {isa = PBXBuildFile; fileRef = 3AF3BD9F1A5061B0005BF9C4 /* MobileCoreServices.framework */; };
		3AF3BDAD1A506D6B005BF9C4 /* pixel.gif in Resources */ = {isa = PBXBuildFile; fileRef = 3AF3BDA51A506D6B005BF9C4 /* pixel.gif */; };
		3AF3BDAF1A506D6B005BF9C4 /* pixel.jpg in Resources */ = {isa = PBXBuildFile; fileRef = 3AF3BDA71A506D6B005BF9C4 /* pixel.jpg */; };
		3AF3BDB01A506D6B005BF9C4 /* pixel.png in Resources */ = {isa = PBXBuildFile; fileRef = 3AF3BDA81A506D6B005BF9C4 /* pixel.png */; };
		3AF3BDB21A506D6B005BF9C4 /* pixel.tiff in Resources */ = {isa = PBXBuildFile; fileRef = 3AF3BDAA1A506D6B005BF9C4 /* pixel.tiff */; };
		3AF3BDB71A5092E6005BF9C4 /* UIImage+CRVComposition.m in Sources */ = {isa = PBXBuildFile; fileRef = 3AF3BDB61A5092E6005BF9C4 /* UIImage+CRVComposition.m */; };
		5E06ABA31A77DE4200155F3E /* CRVScalableBorder+Anchors.h in Headers */ = {isa = PBXBuildFile; fileRef = 5E06ABA11A77DE4200155F3E /* CRVScalableBorder+Anchors.h */; };
		5E06ABA41A77DE4200155F3E /* CRVScalableBorder+Anchors.m in Sources */ = {isa = PBXBuildFile; fileRef = 5E06ABA21A77DE4200155F3E /* CRVScalableBorder+Anchors.m */; };
		5E11A6AC1A766CE0001924ED /* CRVScalableView.h in Headers */ = {isa = PBXBuildFile; fileRef = 5E11A6AA1A766CE0001924ED /* CRVScalableView.h */; settings = {ATTRIBUTES = (Public, ); }; };
		5E11A6AD1A766CE0001924ED /* CRVScalableView.m in Sources */ = {isa = PBXBuildFile; fileRef = 5E11A6AB1A766CE0001924ED /* CRVScalableView.m */; };
		5E11A6B11A766D78001924ED /* CRVScalableBorder.h in Headers */ = {isa = PBXBuildFile; fileRef = 5E11A6AF1A766D78001924ED /* CRVScalableBorder.h */; settings = {ATTRIBUTES = (Public, ); }; };
		5E11A6B21A766D78001924ED /* CRVScalableBorder.m in Sources */ = {isa = PBXBuildFile; fileRef = 5E11A6B01A766D78001924ED /* CRVScalableBorder.m */; };
		5E11A6B51A766E3C001924ED /* CRVAnchorPoint.h in Headers */ = {isa = PBXBuildFile; fileRef = 5E11A6B31A766E3C001924ED /* CRVAnchorPoint.h */; };
		5E11A6B61A766E3C001924ED /* CRVAnchorPoint.m in Sources */ = {isa = PBXBuildFile; fileRef = 5E11A6B41A766E3C001924ED /* CRVAnchorPoint.m */; };
		5E4C992B1A642E5F009AA040 /* CRVSessionTaskWrapper.h in Headers */ = {isa = PBXBuildFile; fileRef = 5E4C99291A642E5F009AA040 /* CRVSessionTaskWrapper.h */; };
		5E4C992C1A642E5F009AA040 /* CRVSessionTaskWrapper.m in Sources */ = {isa = PBXBuildFile; fileRef = 5E4C992A1A642E5F009AA040 /* CRVSessionTaskWrapper.m */; };
		5E4C992F1A651210009AA040 /* CRVSessionDownloadTaskWrapper.h in Headers */ = {isa = PBXBuildFile; fileRef = 5E4C992D1A651210009AA040 /* CRVSessionDownloadTaskWrapper.h */; };
		5E4C99301A651210009AA040 /* CRVSessionDownloadTaskWrapper.m in Sources */ = {isa = PBXBuildFile; fileRef = 5E4C992E1A651210009AA040 /* CRVSessionDownloadTaskWrapper.m */; };
		5E4C99331A651228009AA040 /* CRVSessionUploadTaskWrapper.h in Headers */ = {isa = PBXBuildFile; fileRef = 5E4C99311A651228009AA040 /* CRVSessionUploadTaskWrapper.h */; };
		5E4C99341A651228009AA040 /* CRVSessionUploadTaskWrapper.m in Sources */ = {isa = PBXBuildFile; fileRef = 5E4C99321A651228009AA040 /* CRVSessionUploadTaskWrapper.m */; };
		5E4D0A6B1A60982100A1729B /* CRVSessionTaskManager.h in Headers */ = {isa = PBXBuildFile; fileRef = 5E4D0A691A60982100A1729B /* CRVSessionTaskManager.h */; };
		5E4D0A6C1A60982100A1729B /* CRVSessionTaskManager.m in Sources */ = {isa = PBXBuildFile; fileRef = 5E4D0A6A1A60982100A1729B /* CRVSessionTaskManager.m */; };
		5E50069F1A6E84E900444E5D /* CRVUploadInfo.h in Headers */ = {isa = PBXBuildFile; fileRef = 5E50069D1A6E84E900444E5D /* CRVUploadInfo.h */; settings = {ATTRIBUTES = (Public, ); }; };
		5E5006A01A6E84E900444E5D /* CRVUploadInfo.m in Sources */ = {isa = PBXBuildFile; fileRef = 5E50069E1A6E84E900444E5D /* CRVUploadInfo.m */; };
		5E5006A31A6E866600444E5D /* NSDictionary+Carrierwave.h in Headers */ = {isa = PBXBuildFile; fileRef = 5E5006A11A6E866600444E5D /* NSDictionary+Carrierwave.h */; };
		5E5006A41A6E866600444E5D /* NSDictionary+Carrierwave.m in Sources */ = {isa = PBXBuildFile; fileRef = 5E5006A21A6E866600444E5D /* NSDictionary+Carrierwave.m */; };
		5E5006A71A6E867B00444E5D /* NSURLSessionTask+Carrierwave.h in Headers */ = {isa = PBXBuildFile; fileRef = 5E5006A51A6E867B00444E5D /* NSURLSessionTask+Carrierwave.h */; };
		5E5006A81A6E867B00444E5D /* NSURLSessionTask+Carrierwave.m in Sources */ = {isa = PBXBuildFile; fileRef = 5E5006A61A6E867B00444E5D /* NSURLSessionTask+Carrierwave.m */; };
		5E56EBF81A5D68D2002E2484 /* CRVSessionManager.h in Headers */ = {isa = PBXBuildFile; fileRef = 5E56EBF41A5D68D2002E2484 /* CRVSessionManager.h */; };
		5E56EBF91A5D68D2002E2484 /* CRVSessionManager.m in Sources */ = {isa = PBXBuildFile; fileRef = 5E56EBF51A5D68D2002E2484 /* CRVSessionManager.m */; };
		5E56EBFA1A5D68D2002E2484 /* CRVNetworkManager.h in Headers */ = {isa = PBXBuildFile; fileRef = 5E56EBF61A5D68D2002E2484 /* CRVNetworkManager.h */; settings = {ATTRIBUTES = (Public, ); }; };
		5E56EBFB1A5D68D2002E2484 /* CRVNetworkManager.m in Sources */ = {isa = PBXBuildFile; fileRef = 5E56EBF71A5D68D2002E2484 /* CRVNetworkManager.m */; };
		5E6F97DB1A80CF9A00383533 /* CRVSessionTaskWrapper+Carrierwave.h in Headers */ = {isa = PBXBuildFile; fileRef = 5E6F97D91A80CF9A00383533 /* CRVSessionTaskWrapper+Carrierwave.h */; };
		5E6F97DC1A80CF9A00383533 /* CRVSessionTaskWrapper+Carrierwave.m in Sources */ = {isa = PBXBuildFile; fileRef = 5E6F97DA1A80CF9A00383533 /* CRVSessionTaskWrapper+Carrierwave.m */; };
		5E94A4C51A7A893D00F98C18 /* CRVScalableView+Math.h in Headers */ = {isa = PBXBuildFile; fileRef = 5E94A4C31A7A893D00F98C18 /* CRVScalableView+Math.h */; };
		5E94A4C61A7A893D00F98C18 /* CRVScalableView+Math.m in Sources */ = {isa = PBXBuildFile; fileRef = 5E94A4C41A7A893D00F98C18 /* CRVScalableView+Math.m */; };
		5EBA9F0C1A66F4A900EBB82F /* CRVNetworkTypedefs.h in Headers */ = {isa = PBXBuildFile; fileRef = 5EBA9F0B1A66F4A900EBB82F /* CRVNetworkTypedefs.h */; settings = {ATTRIBUTES = (Public, ); }; };
		5EBDBE4D1A67D82F001C8ED5 /* OHHTTPStubs+CRVTests.m in Sources */ = {isa = PBXBuildFile; fileRef = 5EBDBE4C1A67D82F001C8ED5 /* OHHTTPStubs+CRVTests.m */; };
		5EBDBE561A67FA4F001C8ED5 /* NSData+CRVComposition.m in Sources */ = {isa = PBXBuildFile; fileRef = 5EBDBE551A67FA4F001C8ED5 /* NSData+CRVComposition.m */; };
		69AA0B9A7A138526C4B55648 /* libPods-Tests.a in Frameworks */ = {isa = PBXBuildFile; fileRef = 3272BDCF977EEC32EE0EE1EE /* libPods-Tests.a */; };
		7CFA8FAD1A7B9ADD00A92F22 /* CRVWhitelistManager.h in Headers */ = {isa = PBXBuildFile; fileRef = 7CFA8FAB1A7B9ADD00A92F22 /* CRVWhitelistManager.h */; settings = {ATTRIBUTES = (Public, ); }; };
		7CFA8FAE1A7B9ADD00A92F22 /* CRVWhitelistManager.m in Sources */ = {isa = PBXBuildFile; fileRef = 7CFA8FAC1A7B9ADD00A92F22 /* CRVWhitelistManager.m */; };
		7CFA8FBF1A7BB4B800A92F22 /* NSError+Carrierwave.h in Headers */ = {isa = PBXBuildFile; fileRef = 7CFA8FBD1A7BB4B800A92F22 /* NSError+Carrierwave.h */; };
		7CFA8FC01A7BB4B800A92F22 /* NSError+Carrierwave.m in Sources */ = {isa = PBXBuildFile; fileRef = 7CFA8FBE1A7BB4B800A92F22 /* NSError+Carrierwave.m */; };
		7DE6841C33D70C5B4DF93E2E /* libPods.a in Frameworks */ = {isa = PBXBuildFile; fileRef = 861E339756711F9AC576711A /* libPods.a */; };
		8D072AAE03FBD8A20CAE8FFF /* libPods-Demo.a in Frameworks */ = {isa = PBXBuildFile; fileRef = D4BFF2822CEF1BC7F260BB3C /* libPods-Demo.a */; };
/* End PBXBuildFile section */

/* Begin PBXContainerItemProxy section */
		3AE3341F1A4ED2B70030F632 /* PBXContainerItemProxy */ = {
			isa = PBXContainerItemProxy;
			containerPortal = 3AE3408C1A4DB84800993352 /* Project object */;
			proxyType = 1;
			remoteGlobalIDString = 3AE333CD1A4ED06B0030F632;
			remoteInfo = Carrierwave;
		};
		3AE334291A4ED2F30030F632 /* PBXContainerItemProxy */ = {
			isa = PBXContainerItemProxy;
			containerPortal = 3AE3408C1A4DB84800993352 /* Project object */;
			proxyType = 1;
			remoteGlobalIDString = 3AE333CD1A4ED06B0030F632;
			remoteInfo = Carrierwave;
		};
/* End PBXContainerItemProxy section */

/* Begin PBXCopyFilesBuildPhase section */
		3AE3342B1A4ED2F30030F632 /* Embed Frameworks */ = {
			isa = PBXCopyFilesBuildPhase;
			buildActionMask = 2147483647;
			dstPath = "";
			dstSubfolderSpec = 10;
			files = (
				3AE334281A4ED2F30030F632 /* Carrierwave.framework in Embed Frameworks */,
			);
			name = "Embed Frameworks";
			runOnlyForDeploymentPostprocessing = 0;
		};
/* End PBXCopyFilesBuildPhase section */

/* Begin PBXFileReference section */
		210E159D1A67C92700342A39 /* CRVVideoAsset.h */ = {isa = PBXFileReference; fileEncoding = 4; lastKnownFileType = sourcecode.c.h; path = CRVVideoAsset.h; sourceTree = "<group>"; };
		210E159E1A67C92700342A39 /* CRVVideoAsset.m */ = {isa = PBXFileReference; fileEncoding = 4; lastKnownFileType = sourcecode.c.objc; path = CRVVideoAsset.m; sourceTree = "<group>"; };
		210E15A11A67EB4700342A39 /* CRVAssertTypeUtils.h */ = {isa = PBXFileReference; fileEncoding = 4; lastKnownFileType = sourcecode.c.h; path = CRVAssertTypeUtils.h; sourceTree = "<group>"; };
		210E15A21A67EB4700342A39 /* CRVAssertTypeUtils.m */ = {isa = PBXFileReference; fileEncoding = 4; lastKnownFileType = sourcecode.c.objc; path = CRVAssertTypeUtils.m; sourceTree = "<group>"; };
		218C87731A7FAFBD005E1029 /* CRVTestSaveAssetTask.h */ = {isa = PBXFileReference; fileEncoding = 4; lastKnownFileType = sourcecode.c.h; name = CRVTestSaveAssetTask.h; path = "Test Classes/CRVTestSaveAssetTask.h"; sourceTree = "<group>"; };
		218C87741A7FAFBD005E1029 /* CRVTestSaveAssetTask.m */ = {isa = PBXFileReference; fileEncoding = 4; lastKnownFileType = sourcecode.c.objc; name = CRVTestSaveAssetTask.m; path = "Test Classes/CRVTestSaveAssetTask.m"; sourceTree = "<group>"; };
		218C87761A7FB0E4005E1029 /* CRVSaveAssetTaskSpec.m */ = {isa = PBXFileReference; fileEncoding = 4; lastKnownFileType = sourcecode.c.objc; path = CRVSaveAssetTaskSpec.m; sourceTree = "<group>"; };
		219BBFB61A690624003A97D3 /* seconds.mp4 */ = {isa = PBXFileReference; lastKnownFileType = file; path = seconds.mp4; sourceTree = "<group>"; };
		219BBFBB1A693AD5003A97D3 /* CRVVideoAssetTypedefs.h */ = {isa = PBXFileReference; lastKnownFileType = sourcecode.c.h; path = CRVVideoAssetTypedefs.h; sourceTree = "<group>"; };
		219BBFC51A6959DB003A97D3 /* CRVSaveAssetTask.h */ = {isa = PBXFileReference; fileEncoding = 4; lastKnownFileType = sourcecode.c.h; path = CRVSaveAssetTask.h; sourceTree = "<group>"; };
		219BBFC61A6959DB003A97D3 /* CRVSaveAssetTask.m */ = {isa = PBXFileReference; fileEncoding = 4; lastKnownFileType = sourcecode.c.objc; path = CRVSaveAssetTask.m; sourceTree = "<group>"; };
		21A75BE71A6E50B0003A7E0A /* CRVVideoStreamProvider.h */ = {isa = PBXFileReference; lastKnownFileType = sourcecode.c.h; path = CRVVideoStreamProvider.h; sourceTree = "<group>"; };
		21A75BE91A6E513A003A7E0A /* CRVVideoDataStreamProvider.h */ = {isa = PBXFileReference; fileEncoding = 4; lastKnownFileType = sourcecode.c.h; path = CRVVideoDataStreamProvider.h; sourceTree = "<group>"; };
		21A75BEA1A6E513A003A7E0A /* CRVVideoDataStreamProvider.m */ = {isa = PBXFileReference; fileEncoding = 4; lastKnownFileType = sourcecode.c.objc; path = CRVVideoDataStreamProvider.m; sourceTree = "<group>"; };
		21A75BED1A6E514E003A7E0A /* CRVVideoFileStreamProvider.h */ = {isa = PBXFileReference; fileEncoding = 4; lastKnownFileType = sourcecode.c.h; path = CRVVideoFileStreamProvider.h; sourceTree = "<group>"; };
		21A75BEE1A6E514E003A7E0A /* CRVVideoFileStreamProvider.m */ = {isa = PBXFileReference; fileEncoding = 4; lastKnownFileType = sourcecode.c.objc; path = CRVVideoFileStreamProvider.m; sourceTree = "<group>"; };
		21E6F6671A68FF7F001505F8 /* CRVVideoAssetSpec.m */ = {isa = PBXFileReference; fileEncoding = 4; lastKnownFileType = sourcecode.c.objc; path = CRVVideoAssetSpec.m; sourceTree = "<group>"; };
		21E6F66B1A690273001505F8 /* seconds.mov */ = {isa = PBXFileReference; lastKnownFileType = video.quicktime; path = seconds.mov; sourceTree = "<group>"; };
		3272BDCF977EEC32EE0EE1EE /* libPods-Tests.a */ = {isa = PBXFileReference; explicitFileType = archive.ar; includeInIndex = 0; path = "libPods-Tests.a"; sourceTree = BUILT_PRODUCTS_DIR; };
		3A05FEF81A4E00C5005E3C29 /* Tests-Test.xcconfig */ = {isa = PBXFileReference; lastKnownFileType = text.xcconfig; path = "Tests-Test.xcconfig"; sourceTree = "<group>"; };
		3A05FEF91A4E018B005E3C29 /* Tests-Development.xcconfig */ = {isa = PBXFileReference; lastKnownFileType = text.xcconfig; path = "Tests-Development.xcconfig"; sourceTree = "<group>"; };
		3A05FEFA1A4E018B005E3C29 /* Tests-Production.xcconfig */ = {isa = PBXFileReference; lastKnownFileType = text.xcconfig; path = "Tests-Production.xcconfig"; sourceTree = "<group>"; };
		3A05FEFB1A4E018B005E3C29 /* Tests-Staging.xcconfig */ = {isa = PBXFileReference; lastKnownFileType = text.xcconfig; path = "Tests-Staging.xcconfig"; sourceTree = "<group>"; };
		3A3FE85F1A5161490052C58E /* EXPMatchers+CRVAssetType.h */ = {isa = PBXFileReference; fileEncoding = 4; lastKnownFileType = sourcecode.c.h; path = "EXPMatchers+CRVAssetType.h"; sourceTree = "<group>"; };
		3A3FE8601A5161490052C58E /* EXPMatchers+CRVAssetType.m */ = {isa = PBXFileReference; fileEncoding = 4; lastKnownFileType = sourcecode.c.objc; path = "EXPMatchers+CRVAssetType.m"; sourceTree = "<group>"; };
		3A3FE8621A51660E0052C58E /* CRVAssetTypeBehavior.m */ = {isa = PBXFileReference; fileEncoding = 4; lastKnownFileType = sourcecode.c.objc; path = CRVAssetTypeBehavior.m; sourceTree = "<group>"; };
		3A3FE8661A517CE60052C58E /* CRVImageEditViewController.h */ = {isa = PBXFileReference; fileEncoding = 4; lastKnownFileType = sourcecode.c.h; path = CRVImageEditViewController.h; sourceTree = "<group>"; };
		3A3FE8671A517CE60052C58E /* CRVImageEditViewController.m */ = {isa = PBXFileReference; fileEncoding = 4; lastKnownFileType = sourcecode.c.objc; path = CRVImageEditViewController.m; sourceTree = "<group>"; };
		3A42F1251A4DBD5300A6F9CD /* Unit Tests.xctest */ = {isa = PBXFileReference; explicitFileType = wrapper.cfbundle; includeInIndex = 0; path = "Unit Tests.xctest"; sourceTree = BUILT_PRODUCTS_DIR; };
		3A42F1431A4DBEA900A6F9CD /* UIKit.framework */ = {isa = PBXFileReference; lastKnownFileType = wrapper.framework; name = UIKit.framework; path = System/Library/Frameworks/UIKit.framework; sourceTree = SDKROOT; };
		3A42F1451A4DBEAD00A6F9CD /* Foundation.framework */ = {isa = PBXFileReference; lastKnownFileType = wrapper.framework; name = Foundation.framework; path = System/Library/Frameworks/Foundation.framework; sourceTree = SDKROOT; };
		3A42F1471A4DBEB700A6F9CD /* QuartzCore.framework */ = {isa = PBXFileReference; lastKnownFileType = wrapper.framework; name = QuartzCore.framework; path = System/Library/Frameworks/QuartzCore.framework; sourceTree = SDKROOT; };
		3A42F1511A4DC7CE00A6F9CD /* Development.xcconfig */ = {isa = PBXFileReference; lastKnownFileType = text.xcconfig; path = Development.xcconfig; sourceTree = "<group>"; };
		3A42F16C1A4DC81A00A6F9CD /* Production.xcconfig */ = {isa = PBXFileReference; lastKnownFileType = text.xcconfig; path = Production.xcconfig; sourceTree = "<group>"; };
		3A42F16D1A4DC81A00A6F9CD /* Staging.xcconfig */ = {isa = PBXFileReference; lastKnownFileType = text.xcconfig; path = Staging.xcconfig; sourceTree = "<group>"; };
		3A42F16E1A4DC81A00A6F9CD /* Test.xcconfig */ = {isa = PBXFileReference; lastKnownFileType = text.xcconfig; path = Test.xcconfig; sourceTree = "<group>"; };
		3A58AAD21A5E97BF0056E21D /* CRVRootViewController.h */ = {isa = PBXFileReference; fileEncoding = 4; lastKnownFileType = sourcecode.c.h; path = CRVRootViewController.h; sourceTree = "<group>"; };
		3A58AAD31A5E97BF0056E21D /* CRVRootViewController.m */ = {isa = PBXFileReference; fileEncoding = 4; lastKnownFileType = sourcecode.c.objc; path = CRVRootViewController.m; sourceTree = "<group>"; };
		3A6F28671A5039BB0049DC9F /* Carrierwave.h */ = {isa = PBXFileReference; fileEncoding = 4; lastKnownFileType = sourcecode.c.h; path = Carrierwave.h; sourceTree = "<group>"; };
		3A6F28691A5039C30049DC9F /* CRVAppDelegate.h */ = {isa = PBXFileReference; fileEncoding = 4; lastKnownFileType = sourcecode.c.h; path = CRVAppDelegate.h; sourceTree = "<group>"; };
		3A6F286A1A5039C30049DC9F /* CRVAppDelegate.m */ = {isa = PBXFileReference; fileEncoding = 4; lastKnownFileType = sourcecode.c.objc; path = CRVAppDelegate.m; sourceTree = "<group>"; };
		3AC7D2411A4DE8CE00DCBA4A /* Carrierwave-Macros.h */ = {isa = PBXFileReference; lastKnownFileType = sourcecode.c.h; path = "Carrierwave-Macros.h"; sourceTree = "<group>"; };
		3ADC0E6F1A5ADB10009F4D4B /* CRVImageEditGlassView.h */ = {isa = PBXFileReference; fileEncoding = 4; lastKnownFileType = sourcecode.c.h; path = CRVImageEditGlassView.h; sourceTree = "<group>"; };
		3ADC0E701A5ADB10009F4D4B /* CRVImageEditGlassView.m */ = {isa = PBXFileReference; fileEncoding = 4; lastKnownFileType = sourcecode.c.objc; path = CRVImageEditGlassView.m; sourceTree = "<group>"; };
		3ADC0E731A5AE7AA009F4D4B /* CRVImageEditScrollView.h */ = {isa = PBXFileReference; fileEncoding = 4; lastKnownFileType = sourcecode.c.h; path = CRVImageEditScrollView.h; sourceTree = "<group>"; };
		3ADC0E741A5AE7AA009F4D4B /* CRVImageEditScrollView.m */ = {isa = PBXFileReference; fileEncoding = 4; lastKnownFileType = sourcecode.c.objc; path = CRVImageEditScrollView.m; sourceTree = "<group>"; };
		3AE333CE1A4ED06B0030F632 /* Carrierwave.framework */ = {isa = PBXFileReference; explicitFileType = wrapper.framework; includeInIndex = 0; path = Carrierwave.framework; sourceTree = BUILT_PRODUCTS_DIR; };
		3AE333EF1A4ED0AC0030F632 /* Carrierwave Demo.app */ = {isa = PBXFileReference; explicitFileType = wrapper.application; includeInIndex = 0; path = "Carrierwave Demo.app"; sourceTree = BUILT_PRODUCTS_DIR; };
		3AE3341A1A4ED11E0030F632 /* Demo-Development.xcconfig */ = {isa = PBXFileReference; lastKnownFileType = text.xcconfig; path = "Demo-Development.xcconfig"; sourceTree = "<group>"; };
		3AE3341B1A4ED11E0030F632 /* Demo-Production.xcconfig */ = {isa = PBXFileReference; lastKnownFileType = text.xcconfig; path = "Demo-Production.xcconfig"; sourceTree = "<group>"; };
		3AE3341C1A4ED11E0030F632 /* Demo-Staging.xcconfig */ = {isa = PBXFileReference; lastKnownFileType = text.xcconfig; path = "Demo-Staging.xcconfig"; sourceTree = "<group>"; };
		3AE3341D1A4ED11E0030F632 /* Demo-Test.xcconfig */ = {isa = PBXFileReference; lastKnownFileType = text.xcconfig; path = "Demo-Test.xcconfig"; sourceTree = "<group>"; };
		3AE3342F1A4ED41E0030F632 /* Carrierwave-Info.plist */ = {isa = PBXFileReference; lastKnownFileType = text.plist.xml; path = "Carrierwave-Info.plist"; sourceTree = "<group>"; };
		3AE334301A4ED41E0030F632 /* Carrierwave-Demo-Prefix.pch */ = {isa = PBXFileReference; lastKnownFileType = sourcecode.c.h; path = "Carrierwave-Demo-Prefix.pch"; sourceTree = "<group>"; };
		3AE334351A4ED4B00030F632 /* Main.storyboard */ = {isa = PBXFileReference; lastKnownFileType = file.storyboard; path = Main.storyboard; sourceTree = "<group>"; };
		3AE334371A4ED4B00030F632 /* Images.xcassets */ = {isa = PBXFileReference; lastKnownFileType = folder.assetcatalog; path = Images.xcassets; sourceTree = "<group>"; };
		3AE340BF1A4DCC1500993352 /* Carrierwave-Demo-Info.plist */ = {isa = PBXFileReference; lastKnownFileType = text.plist.xml; path = "Carrierwave-Demo-Info.plist"; sourceTree = "<group>"; };
		3AE340C01A4DCC1500993352 /* Carrierwave-Demo-Main.m */ = {isa = PBXFileReference; lastKnownFileType = sourcecode.c.objc; path = "Carrierwave-Demo-Main.m"; sourceTree = "<group>"; };
		3AE340C11A4DCC1500993352 /* Carrierwave-Prefix.pch */ = {isa = PBXFileReference; lastKnownFileType = sourcecode.c.h; path = "Carrierwave-Prefix.pch"; sourceTree = "<group>"; };
		3AE340C21A4DCC1500993352 /* Unit-Tests-Info.plist */ = {isa = PBXFileReference; lastKnownFileType = text.plist.xml; path = "Unit-Tests-Info.plist"; sourceTree = "<group>"; };
		3AE340C31A4DCC1500993352 /* Unit-Tests-Prefix.pch */ = {isa = PBXFileReference; lastKnownFileType = sourcecode.c.h; path = "Unit-Tests-Prefix.pch"; sourceTree = "<group>"; };
		3AE340D51A4DD15500993352 /* Carrierwave-Features.h */ = {isa = PBXFileReference; lastKnownFileType = sourcecode.c.h; path = "Carrierwave-Features.h"; sourceTree = "<group>"; };
		3AE800F61A53229C00116CA3 /* CoreImage.framework */ = {isa = PBXFileReference; lastKnownFileType = wrapper.framework; name = CoreImage.framework; path = System/Library/Frameworks/CoreImage.framework; sourceTree = SDKROOT; };
		3AF3BD921A50447A005BF9C4 /* CRVImageAsset.h */ = {isa = PBXFileReference; fileEncoding = 4; lastKnownFileType = sourcecode.c.h; path = CRVImageAsset.h; sourceTree = "<group>"; };
		3AF3BD931A50447A005BF9C4 /* CRVImageAsset.m */ = {isa = PBXFileReference; fileEncoding = 4; lastKnownFileType = sourcecode.c.objc; path = CRVImageAsset.m; sourceTree = "<group>"; };
		3AF3BD9B1A50461D005BF9C4 /* CRVAssetType.h */ = {isa = PBXFileReference; fileEncoding = 4; lastKnownFileType = sourcecode.c.h; path = CRVAssetType.h; sourceTree = "<group>"; };
		3AF3BD9F1A5061B0005BF9C4 /* MobileCoreServices.framework */ = {isa = PBXFileReference; lastKnownFileType = wrapper.framework; name = MobileCoreServices.framework; path = System/Library/Frameworks/MobileCoreServices.framework; sourceTree = SDKROOT; };
		3AF3BDA11A50671F005BF9C4 /* CRVImageAssetSpec.m */ = {isa = PBXFileReference; fileEncoding = 4; lastKnownFileType = sourcecode.c.objc; path = CRVImageAssetSpec.m; sourceTree = "<group>"; };
		3AF3BDA51A506D6B005BF9C4 /* pixel.gif */ = {isa = PBXFileReference; lastKnownFileType = image.gif; path = pixel.gif; sourceTree = "<group>"; };
		3AF3BDA71A506D6B005BF9C4 /* pixel.jpg */ = {isa = PBXFileReference; lastKnownFileType = image.jpeg; path = pixel.jpg; sourceTree = "<group>"; };
		3AF3BDA81A506D6B005BF9C4 /* pixel.png */ = {isa = PBXFileReference; lastKnownFileType = image.png; path = pixel.png; sourceTree = "<group>"; };
		3AF3BDAA1A506D6B005BF9C4 /* pixel.tiff */ = {isa = PBXFileReference; lastKnownFileType = image.tiff; path = pixel.tiff; sourceTree = "<group>"; };
		3AF3BDB51A5092E6005BF9C4 /* UIImage+CRVComposition.h */ = {isa = PBXFileReference; fileEncoding = 4; lastKnownFileType = sourcecode.c.h; path = "UIImage+CRVComposition.h"; sourceTree = "<group>"; };
		3AF3BDB61A5092E6005BF9C4 /* UIImage+CRVComposition.m */ = {isa = PBXFileReference; fileEncoding = 4; lastKnownFileType = sourcecode.c.objc; path = "UIImage+CRVComposition.m"; sourceTree = "<group>"; };
		5E06ABA11A77DE4200155F3E /* CRVScalableBorder+Anchors.h */ = {isa = PBXFileReference; fileEncoding = 4; lastKnownFileType = sourcecode.c.h; path = "CRVScalableBorder+Anchors.h"; sourceTree = "<group>"; };
		5E06ABA21A77DE4200155F3E /* CRVScalableBorder+Anchors.m */ = {isa = PBXFileReference; fileEncoding = 4; lastKnownFileType = sourcecode.c.objc; path = "CRVScalableBorder+Anchors.m"; sourceTree = "<group>"; };
		5E11A6AA1A766CE0001924ED /* CRVScalableView.h */ = {isa = PBXFileReference; fileEncoding = 4; lastKnownFileType = sourcecode.c.h; path = CRVScalableView.h; sourceTree = "<group>"; };
		5E11A6AB1A766CE0001924ED /* CRVScalableView.m */ = {isa = PBXFileReference; fileEncoding = 4; lastKnownFileType = sourcecode.c.objc; path = CRVScalableView.m; sourceTree = "<group>"; };
		5E11A6AF1A766D78001924ED /* CRVScalableBorder.h */ = {isa = PBXFileReference; fileEncoding = 4; lastKnownFileType = sourcecode.c.h; path = CRVScalableBorder.h; sourceTree = "<group>"; };
		5E11A6B01A766D78001924ED /* CRVScalableBorder.m */ = {isa = PBXFileReference; fileEncoding = 4; lastKnownFileType = sourcecode.c.objc; path = CRVScalableBorder.m; sourceTree = "<group>"; };
		5E11A6B31A766E3C001924ED /* CRVAnchorPoint.h */ = {isa = PBXFileReference; fileEncoding = 4; lastKnownFileType = sourcecode.c.h; path = CRVAnchorPoint.h; sourceTree = "<group>"; };
		5E11A6B41A766E3C001924ED /* CRVAnchorPoint.m */ = {isa = PBXFileReference; fileEncoding = 4; lastKnownFileType = sourcecode.c.objc; path = CRVAnchorPoint.m; sourceTree = "<group>"; };
		5E36AD0B1A67BFE50080FF80 /* CRVNetworkManagerSpec.m */ = {isa = PBXFileReference; fileEncoding = 4; lastKnownFileType = sourcecode.c.objc; path = CRVNetworkManagerSpec.m; sourceTree = "<group>"; };
		5E4C99291A642E5F009AA040 /* CRVSessionTaskWrapper.h */ = {isa = PBXFileReference; fileEncoding = 4; lastKnownFileType = sourcecode.c.h; path = CRVSessionTaskWrapper.h; sourceTree = "<group>"; };
		5E4C992A1A642E5F009AA040 /* CRVSessionTaskWrapper.m */ = {isa = PBXFileReference; fileEncoding = 4; lastKnownFileType = sourcecode.c.objc; path = CRVSessionTaskWrapper.m; sourceTree = "<group>"; };
		5E4C992D1A651210009AA040 /* CRVSessionDownloadTaskWrapper.h */ = {isa = PBXFileReference; fileEncoding = 4; lastKnownFileType = sourcecode.c.h; path = CRVSessionDownloadTaskWrapper.h; sourceTree = "<group>"; };
		5E4C992E1A651210009AA040 /* CRVSessionDownloadTaskWrapper.m */ = {isa = PBXFileReference; fileEncoding = 4; lastKnownFileType = sourcecode.c.objc; path = CRVSessionDownloadTaskWrapper.m; sourceTree = "<group>"; };
		5E4C99311A651228009AA040 /* CRVSessionUploadTaskWrapper.h */ = {isa = PBXFileReference; fileEncoding = 4; lastKnownFileType = sourcecode.c.h; path = CRVSessionUploadTaskWrapper.h; sourceTree = "<group>"; };
		5E4C99321A651228009AA040 /* CRVSessionUploadTaskWrapper.m */ = {isa = PBXFileReference; fileEncoding = 4; lastKnownFileType = sourcecode.c.objc; path = CRVSessionUploadTaskWrapper.m; sourceTree = "<group>"; };
		5E4D0A691A60982100A1729B /* CRVSessionTaskManager.h */ = {isa = PBXFileReference; fileEncoding = 4; lastKnownFileType = sourcecode.c.h; path = CRVSessionTaskManager.h; sourceTree = "<group>"; };
		5E4D0A6A1A60982100A1729B /* CRVSessionTaskManager.m */ = {isa = PBXFileReference; fileEncoding = 4; lastKnownFileType = sourcecode.c.objc; path = CRVSessionTaskManager.m; sourceTree = "<group>"; };
		5E50069B1A6D33EA00444E5D /* CRVSessionManagerSpec.m */ = {isa = PBXFileReference; fileEncoding = 4; lastKnownFileType = sourcecode.c.objc; path = CRVSessionManagerSpec.m; sourceTree = "<group>"; };
		5E50069D1A6E84E900444E5D /* CRVUploadInfo.h */ = {isa = PBXFileReference; fileEncoding = 4; lastKnownFileType = sourcecode.c.h; path = CRVUploadInfo.h; sourceTree = "<group>"; };
		5E50069E1A6E84E900444E5D /* CRVUploadInfo.m */ = {isa = PBXFileReference; fileEncoding = 4; lastKnownFileType = sourcecode.c.objc; path = CRVUploadInfo.m; sourceTree = "<group>"; };
		5E5006A11A6E866600444E5D /* NSDictionary+Carrierwave.h */ = {isa = PBXFileReference; fileEncoding = 4; lastKnownFileType = sourcecode.c.h; path = "NSDictionary+Carrierwave.h"; sourceTree = "<group>"; };
		5E5006A21A6E866600444E5D /* NSDictionary+Carrierwave.m */ = {isa = PBXFileReference; fileEncoding = 4; lastKnownFileType = sourcecode.c.objc; path = "NSDictionary+Carrierwave.m"; sourceTree = "<group>"; };
		5E5006A51A6E867B00444E5D /* NSURLSessionTask+Carrierwave.h */ = {isa = PBXFileReference; fileEncoding = 4; lastKnownFileType = sourcecode.c.h; path = "NSURLSessionTask+Carrierwave.h"; sourceTree = "<group>"; };
		5E5006A61A6E867B00444E5D /* NSURLSessionTask+Carrierwave.m */ = {isa = PBXFileReference; fileEncoding = 4; lastKnownFileType = sourcecode.c.objc; path = "NSURLSessionTask+Carrierwave.m"; sourceTree = "<group>"; };
		5E56EBF41A5D68D2002E2484 /* CRVSessionManager.h */ = {isa = PBXFileReference; fileEncoding = 4; lastKnownFileType = sourcecode.c.h; path = CRVSessionManager.h; sourceTree = "<group>"; };
		5E56EBF51A5D68D2002E2484 /* CRVSessionManager.m */ = {isa = PBXFileReference; fileEncoding = 4; lastKnownFileType = sourcecode.c.objc; path = CRVSessionManager.m; sourceTree = "<group>"; };
		5E56EBF61A5D68D2002E2484 /* CRVNetworkManager.h */ = {isa = PBXFileReference; fileEncoding = 4; lastKnownFileType = sourcecode.c.h; path = CRVNetworkManager.h; sourceTree = "<group>"; };
		5E56EBF71A5D68D2002E2484 /* CRVNetworkManager.m */ = {isa = PBXFileReference; fileEncoding = 4; lastKnownFileType = sourcecode.c.objc; path = CRVNetworkManager.m; sourceTree = "<group>"; };
		5E6F97D91A80CF9A00383533 /* CRVSessionTaskWrapper+Carrierwave.h */ = {isa = PBXFileReference; fileEncoding = 4; lastKnownFileType = sourcecode.c.h; path = "CRVSessionTaskWrapper+Carrierwave.h"; sourceTree = "<group>"; };
		5E6F97DA1A80CF9A00383533 /* CRVSessionTaskWrapper+Carrierwave.m */ = {isa = PBXFileReference; fileEncoding = 4; lastKnownFileType = sourcecode.c.objc; path = "CRVSessionTaskWrapper+Carrierwave.m"; sourceTree = "<group>"; };
		5E758E4A1A694D6E00405A20 /* CRVSessionTaskManagerSpec.m */ = {isa = PBXFileReference; fileEncoding = 4; lastKnownFileType = sourcecode.c.objc; path = CRVSessionTaskManagerSpec.m; sourceTree = "<group>"; };
		5E94A4C11A7A878F00F98C18 /* CRVAnchorPointSpec.m */ = {isa = PBXFileReference; fileEncoding = 4; lastKnownFileType = sourcecode.c.objc; path = CRVAnchorPointSpec.m; sourceTree = "<group>"; };
		5E94A4C31A7A893D00F98C18 /* CRVScalableView+Math.h */ = {isa = PBXFileReference; fileEncoding = 4; lastKnownFileType = sourcecode.c.h; path = "CRVScalableView+Math.h"; sourceTree = "<group>"; };
		5E94A4C41A7A893D00F98C18 /* CRVScalableView+Math.m */ = {isa = PBXFileReference; fileEncoding = 4; lastKnownFileType = sourcecode.c.objc; path = "CRVScalableView+Math.m"; sourceTree = "<group>"; };
		5EBA9F0B1A66F4A900EBB82F /* CRVNetworkTypedefs.h */ = {isa = PBXFileReference; fileEncoding = 4; lastKnownFileType = sourcecode.c.h; path = CRVNetworkTypedefs.h; sourceTree = "<group>"; };
		5EBDBE4B1A67D82F001C8ED5 /* OHHTTPStubs+CRVTests.h */ = {isa = PBXFileReference; fileEncoding = 4; lastKnownFileType = sourcecode.c.h; path = "OHHTTPStubs+CRVTests.h"; sourceTree = "<group>"; };
		5EBDBE4C1A67D82F001C8ED5 /* OHHTTPStubs+CRVTests.m */ = {isa = PBXFileReference; fileEncoding = 4; lastKnownFileType = sourcecode.c.objc; path = "OHHTTPStubs+CRVTests.m"; sourceTree = "<group>"; };
		5EBDBE541A67FA4F001C8ED5 /* NSData+CRVComposition.h */ = {isa = PBXFileReference; fileEncoding = 4; lastKnownFileType = sourcecode.c.h; path = "NSData+CRVComposition.h"; sourceTree = "<group>"; };
		5EBDBE551A67FA4F001C8ED5 /* NSData+CRVComposition.m */ = {isa = PBXFileReference; fileEncoding = 4; lastKnownFileType = sourcecode.c.objc; path = "NSData+CRVComposition.m"; sourceTree = "<group>"; };
		7C8BCD5B1A7F8904005DF4B8 /* CRVWhitelistManagerSpec.m */ = {isa = PBXFileReference; fileEncoding = 4; lastKnownFileType = sourcecode.c.objc; path = CRVWhitelistManagerSpec.m; sourceTree = "<group>"; };
		7CFA8FAB1A7B9ADD00A92F22 /* CRVWhitelistManager.h */ = {isa = PBXFileReference; fileEncoding = 4; lastKnownFileType = sourcecode.c.h; path = CRVWhitelistManager.h; sourceTree = "<group>"; };
		7CFA8FAC1A7B9ADD00A92F22 /* CRVWhitelistManager.m */ = {isa = PBXFileReference; fileEncoding = 4; lastKnownFileType = sourcecode.c.objc; path = CRVWhitelistManager.m; sourceTree = "<group>"; };
		7CFA8FBD1A7BB4B800A92F22 /* NSError+Carrierwave.h */ = {isa = PBXFileReference; fileEncoding = 4; lastKnownFileType = sourcecode.c.h; path = "NSError+Carrierwave.h"; sourceTree = "<group>"; };
		7CFA8FBE1A7BB4B800A92F22 /* NSError+Carrierwave.m */ = {isa = PBXFileReference; fileEncoding = 4; lastKnownFileType = sourcecode.c.objc; path = "NSError+Carrierwave.m"; sourceTree = "<group>"; };
		861E339756711F9AC576711A /* libPods.a */ = {isa = PBXFileReference; explicitFileType = archive.ar; includeInIndex = 0; path = libPods.a; sourceTree = BUILT_PRODUCTS_DIR; };
		D4BFF2822CEF1BC7F260BB3C /* libPods-Demo.a */ = {isa = PBXFileReference; explicitFileType = archive.ar; includeInIndex = 0; path = "libPods-Demo.a"; sourceTree = BUILT_PRODUCTS_DIR; };
/* End PBXFileReference section */

/* Begin PBXFrameworksBuildPhase section */
		3A42F1221A4DBD5300A6F9CD /* Frameworks */ = {
			isa = PBXFrameworksBuildPhase;
			buildActionMask = 2147483647;
			files = (
				3AE3341E1A4ED2B10030F632 /* Carrierwave.framework in Frameworks */,
				69AA0B9A7A138526C4B55648 /* libPods-Tests.a in Frameworks */,
			);
			runOnlyForDeploymentPostprocessing = 0;
		};
		3AE333CA1A4ED06B0030F632 /* Frameworks */ = {
			isa = PBXFrameworksBuildPhase;
			buildActionMask = 2147483647;
			files = (
				3AF3BDA01A5061B0005BF9C4 /* MobileCoreServices.framework in Frameworks */,
				3AE334471A4EDCB60030F632 /* Foundation.framework in Frameworks */,
				7DE6841C33D70C5B4DF93E2E /* libPods.a in Frameworks */,
			);
			runOnlyForDeploymentPostprocessing = 0;
		};
		3AE333EC1A4ED0AC0030F632 /* Frameworks */ = {
			isa = PBXFrameworksBuildPhase;
			buildActionMask = 2147483647;
			files = (
				3AE3342E1A4ED30D0030F632 /* QuartzCore.framework in Frameworks */,
				3AE3342D1A4ED3080030F632 /* UIKit.framework in Frameworks */,
				3AE3342C1A4ED3020030F632 /* Foundation.framework in Frameworks */,
				3AE334271A4ED2F30030F632 /* Carrierwave.framework in Frameworks */,
				8D072AAE03FBD8A20CAE8FFF /* libPods-Demo.a in Frameworks */,
			);
			runOnlyForDeploymentPostprocessing = 0;
		};
/* End PBXFrameworksBuildPhase section */

/* Begin PBXGroup section */
		210E159C1A67C90B00342A39 /* Video Asset */ = {
			isa = PBXGroup;
			children = (
				21A75BE81A6E50FD003A7E0A /* Data Providers */,
				219BBFBB1A693AD5003A97D3 /* CRVVideoAssetTypedefs.h */,
				210E159D1A67C92700342A39 /* CRVVideoAsset.h */,
				210E159E1A67C92700342A39 /* CRVVideoAsset.m */,
			);
			name = "Video Asset";
			sourceTree = "<group>";
		};
		218C87721A7FAF6E005E1029 /* Test Classes */ = {
			isa = PBXGroup;
			children = (
				218C87731A7FAFBD005E1029 /* CRVTestSaveAssetTask.h */,
				218C87741A7FAFBD005E1029 /* CRVTestSaveAssetTask.m */,
			);
			name = "Test Classes";
			sourceTree = "<group>";
		};
		219BBFC91A695D34003A97D3 /* Utils */ = {
			isa = PBXGroup;
			children = (
				210E15A11A67EB4700342A39 /* CRVAssertTypeUtils.h */,
				210E15A21A67EB4700342A39 /* CRVAssertTypeUtils.m */,
				219BBFC51A6959DB003A97D3 /* CRVSaveAssetTask.h */,
				219BBFC61A6959DB003A97D3 /* CRVSaveAssetTask.m */,
			);
			name = Utils;
			sourceTree = "<group>";
		};
		21A75BE81A6E50FD003A7E0A /* Data Providers */ = {
			isa = PBXGroup;
			children = (
				21A75BE71A6E50B0003A7E0A /* CRVVideoStreamProvider.h */,
				21A75BE91A6E513A003A7E0A /* CRVVideoDataStreamProvider.h */,
				21A75BEA1A6E513A003A7E0A /* CRVVideoDataStreamProvider.m */,
				21A75BED1A6E514E003A7E0A /* CRVVideoFileStreamProvider.h */,
				21A75BEE1A6E514E003A7E0A /* CRVVideoFileStreamProvider.m */,
			);
			name = "Data Providers";
			sourceTree = "<group>";
		};
		3A3FE8651A517CC90052C58E /* Image Editing */ = {
			isa = PBXGroup;
			children = (
				3A3FE8661A517CE60052C58E /* CRVImageEditViewController.h */,
				3A3FE8671A517CE60052C58E /* CRVImageEditViewController.m */,
				3ADC0E6F1A5ADB10009F4D4B /* CRVImageEditGlassView.h */,
				3ADC0E701A5ADB10009F4D4B /* CRVImageEditGlassView.m */,
				3ADC0E731A5AE7AA009F4D4B /* CRVImageEditScrollView.h */,
				3ADC0E741A5AE7AA009F4D4B /* CRVImageEditScrollView.m */,
			);
			name = "Image Editing";
			sourceTree = "<group>";
		};
		3A42F1261A4DBD5300A6F9CD /* Unit Tests */ = {
			isa = PBXGroup;
			children = (
				218C87721A7FAF6E005E1029 /* Test Classes */,
				3AE340D91A4DD2E600993352 /* Helpers */,
				3AF3BDA31A506D6B005BF9C4 /* Resources */,
				3A3FE8621A51660E0052C58E /* CRVAssetTypeBehavior.m */,
				3AF3BDA11A50671F005BF9C4 /* CRVImageAssetSpec.m */,
				21E6F6671A68FF7F001505F8 /* CRVVideoAssetSpec.m */,
				5E36AD0B1A67BFE50080FF80 /* CRVNetworkManagerSpec.m */,
				5E50069B1A6D33EA00444E5D /* CRVSessionManagerSpec.m */,
				5E758E4A1A694D6E00405A20 /* CRVSessionTaskManagerSpec.m */,
				5E94A4C11A7A878F00F98C18 /* CRVAnchorPointSpec.m */,
				7C8BCD5B1A7F8904005DF4B8 /* CRVWhitelistManagerSpec.m */,
				218C87761A7FB0E4005E1029 /* CRVSaveAssetTaskSpec.m */,
			);
			path = "Unit Tests";
			sourceTree = "<group>";
		};
		3A42F1401A4DBD7C00A6F9CD /* Configuration */ = {
			isa = PBXGroup;
			children = (
				3A42F1511A4DC7CE00A6F9CD /* Development.xcconfig */,
				3A42F16C1A4DC81A00A6F9CD /* Production.xcconfig */,
				3A42F16D1A4DC81A00A6F9CD /* Staging.xcconfig */,
				3A42F16E1A4DC81A00A6F9CD /* Test.xcconfig */,
				3AE3341A1A4ED11E0030F632 /* Demo-Development.xcconfig */,
				3AE3341B1A4ED11E0030F632 /* Demo-Production.xcconfig */,
				3AE3341C1A4ED11E0030F632 /* Demo-Staging.xcconfig */,
				3AE3341D1A4ED11E0030F632 /* Demo-Test.xcconfig */,
				3A05FEF91A4E018B005E3C29 /* Tests-Development.xcconfig */,
				3A05FEFA1A4E018B005E3C29 /* Tests-Production.xcconfig */,
				3A05FEFB1A4E018B005E3C29 /* Tests-Staging.xcconfig */,
				3A05FEF81A4E00C5005E3C29 /* Tests-Test.xcconfig */,
			);
			path = Configuration;
			sourceTree = "<group>";
		};
		3A42F1411A4DBD8100A6F9CD /* Frameworks */ = {
			isa = PBXGroup;
			children = (
				3AE800F61A53229C00116CA3 /* CoreImage.framework */,
				3AF3BD9F1A5061B0005BF9C4 /* MobileCoreServices.framework */,
				3A42F1451A4DBEAD00A6F9CD /* Foundation.framework */,
				3A42F1471A4DBEB700A6F9CD /* QuartzCore.framework */,
				3A42F1431A4DBEA900A6F9CD /* UIKit.framework */,
				861E339756711F9AC576711A /* libPods.a */,
				3272BDCF977EEC32EE0EE1EE /* libPods-Tests.a */,
				D4BFF2822CEF1BC7F260BB3C /* libPods-Demo.a */,
			);
			name = Frameworks;
			sourceTree = "<group>";
		};
		3A42F1421A4DBD8A00A6F9CD /* Supporting Files */ = {
			isa = PBXGroup;
			children = (
				3AE340C41A4DCC1700993352 /* Carrierwave */,
				3AE334311A4ED4230030F632 /* Carrierwave Demo */,
				3AE340C51A4DCC1B00993352 /* Unit Tests */,
			);
			path = "Supporting Files";
			sourceTree = "<group>";
		};
		3AE334311A4ED4230030F632 /* Carrierwave Demo */ = {
			isa = PBXGroup;
			children = (
				3AE340BF1A4DCC1500993352 /* Carrierwave-Demo-Info.plist */,
				3AE340C01A4DCC1500993352 /* Carrierwave-Demo-Main.m */,
				3AE334301A4ED41E0030F632 /* Carrierwave-Demo-Prefix.pch */,
			);
			name = "Carrierwave Demo";
			sourceTree = "<group>";
		};
		3AE334331A4ED4B00030F632 /* Carrierwave Demo */ = {
			isa = PBXGroup;
			children = (
				3AE334381A4ED4B00030F632 /* Source Files */,
				3AE334341A4ED4B00030F632 /* Interfaces */,
				3AE334361A4ED4B00030F632 /* Resources */,
			);
			path = "Carrierwave Demo";
			sourceTree = "<group>";
		};
		3AE334341A4ED4B00030F632 /* Interfaces */ = {
			isa = PBXGroup;
			children = (
				3AE334351A4ED4B00030F632 /* Main.storyboard */,
			);
			path = Interfaces;
			sourceTree = "<group>";
		};
		3AE334361A4ED4B00030F632 /* Resources */ = {
			isa = PBXGroup;
			children = (
				3AE334371A4ED4B00030F632 /* Images.xcassets */,
			);
			path = Resources;
			sourceTree = "<group>";
		};
		3AE334381A4ED4B00030F632 /* Source Files */ = {
			isa = PBXGroup;
			children = (
				3AE3343E1A4ED5950030F632 /* Objects & Models */,
				3AE3343F1A4ED59A0030F632 /* Custom Views */,
				3AE334401A4ED5A10030F632 /* View Controllers */,
			);
			path = "Source Files";
			sourceTree = "<group>";
		};
		3AE3343E1A4ED5950030F632 /* Objects & Models */ = {
			isa = PBXGroup;
			children = (
				3A6F28691A5039C30049DC9F /* CRVAppDelegate.h */,
				3A6F286A1A5039C30049DC9F /* CRVAppDelegate.m */,
			);
			name = "Objects & Models";
			sourceTree = "<group>";
		};
		3AE3343F1A4ED59A0030F632 /* Custom Views */ = {
			isa = PBXGroup;
			children = (
			);
			name = "Custom Views";
			sourceTree = "<group>";
		};
		3AE334401A4ED5A10030F632 /* View Controllers */ = {
			isa = PBXGroup;
			children = (
				3A58AAD21A5E97BF0056E21D /* CRVRootViewController.h */,
				3A58AAD31A5E97BF0056E21D /* CRVRootViewController.m */,
			);
			name = "View Controllers";
			sourceTree = "<group>";
		};
		3AE334441A4ED62B0030F632 /* Carrierwave */ = {
			isa = PBXGroup;
			children = (
				3A6F28671A5039BB0049DC9F /* Carrierwave.h */,
				5E11A6AE1A766CE8001924ED /* CropFrame */,
				5E4C99361A652F76009AA040 /* Categories */,
				5E56EBF31A5D68C7002E2484 /* Networking */,
				3AF3BD911A504392005BF9C4 /* Asset Models */,
				3A3FE8651A517CC90052C58E /* Image Editing */,
			);
			path = Carrierwave;
			sourceTree = "<group>";
		};
		3AE3408B1A4DB84800993352 = {
			isa = PBXGroup;
			children = (
				3AE334441A4ED62B0030F632 /* Carrierwave */,
				3AE334331A4ED4B00030F632 /* Carrierwave Demo */,
				3A42F1261A4DBD5300A6F9CD /* Unit Tests */,
				3A42F1421A4DBD8A00A6F9CD /* Supporting Files */,
				3A42F1401A4DBD7C00A6F9CD /* Configuration */,
				3A42F1411A4DBD8100A6F9CD /* Frameworks */,
				3AE340951A4DB84800993352 /* Products */,
			);
			sourceTree = "<group>";
		};
		3AE340951A4DB84800993352 /* Products */ = {
			isa = PBXGroup;
			children = (
				3A42F1251A4DBD5300A6F9CD /* Unit Tests.xctest */,
				3AE333CE1A4ED06B0030F632 /* Carrierwave.framework */,
				3AE333EF1A4ED0AC0030F632 /* Carrierwave Demo.app */,
			);
			name = Products;
			sourceTree = "<group>";
		};
		3AE340C41A4DCC1700993352 /* Carrierwave */ = {
			isa = PBXGroup;
			children = (
				3AE3342F1A4ED41E0030F632 /* Carrierwave-Info.plist */,
				3AE340C11A4DCC1500993352 /* Carrierwave-Prefix.pch */,
				3AE340D51A4DD15500993352 /* Carrierwave-Features.h */,
				3AC7D2411A4DE8CE00DCBA4A /* Carrierwave-Macros.h */,
			);
			name = Carrierwave;
			sourceTree = "<group>";
		};
		3AE340C51A4DCC1B00993352 /* Unit Tests */ = {
			isa = PBXGroup;
			children = (
				3AE340C21A4DCC1500993352 /* Unit-Tests-Info.plist */,
				3AE340C31A4DCC1500993352 /* Unit-Tests-Prefix.pch */,
			);
			name = "Unit Tests";
			sourceTree = "<group>";
		};
		3AE340D91A4DD2E600993352 /* Helpers */ = {
			isa = PBXGroup;
			children = (
				3A3FE85F1A5161490052C58E /* EXPMatchers+CRVAssetType.h */,
				3A3FE8601A5161490052C58E /* EXPMatchers+CRVAssetType.m */,
				3AF3BDB51A5092E6005BF9C4 /* UIImage+CRVComposition.h */,
				3AF3BDB61A5092E6005BF9C4 /* UIImage+CRVComposition.m */,
				5EBDBE541A67FA4F001C8ED5 /* NSData+CRVComposition.h */,
				5EBDBE551A67FA4F001C8ED5 /* NSData+CRVComposition.m */,
				5EBDBE4B1A67D82F001C8ED5 /* OHHTTPStubs+CRVTests.h */,
				5EBDBE4C1A67D82F001C8ED5 /* OHHTTPStubs+CRVTests.m */,
			);
			path = Helpers;
			sourceTree = "<group>";
		};
		3AF3BD911A504392005BF9C4 /* Asset Models */ = {
			isa = PBXGroup;
			children = (
				3AF3BD9B1A50461D005BF9C4 /* CRVAssetType.h */,
				219BBFC91A695D34003A97D3 /* Utils */,
				210E159C1A67C90B00342A39 /* Video Asset */,
				3AF3BD9D1A5046B1005BF9C4 /* Image Asset */,
			);
			name = "Asset Models";
			sourceTree = "<group>";
		};
		3AF3BD9D1A5046B1005BF9C4 /* Image Asset */ = {
			isa = PBXGroup;
			children = (
				3AF3BD921A50447A005BF9C4 /* CRVImageAsset.h */,
				3AF3BD931A50447A005BF9C4 /* CRVImageAsset.m */,
			);
			name = "Image Asset";
			sourceTree = "<group>";
		};
		3AF3BDA31A506D6B005BF9C4 /* Resources */ = {
			isa = PBXGroup;
			children = (
				3AF3BDA51A506D6B005BF9C4 /* pixel.gif */,
				3AF3BDA71A506D6B005BF9C4 /* pixel.jpg */,
				3AF3BDAA1A506D6B005BF9C4 /* pixel.tiff */,
				3AF3BDA81A506D6B005BF9C4 /* pixel.png */,
				21E6F66B1A690273001505F8 /* seconds.mov */,
				219BBFB61A690624003A97D3 /* seconds.mp4 */,
			);
			path = Resources;
			sourceTree = "<group>";
		};
		5E11A6AE1A766CE8001924ED /* CropFrame */ = {
			isa = PBXGroup;
			children = (
				5E94A4C71A7A894600F98C18 /* Categories */,
				5E11A6AA1A766CE0001924ED /* CRVScalableView.h */,
				5E11A6AB1A766CE0001924ED /* CRVScalableView.m */,
				5E11A6AF1A766D78001924ED /* CRVScalableBorder.h */,
				5E11A6B01A766D78001924ED /* CRVScalableBorder.m */,
				5E11A6B31A766E3C001924ED /* CRVAnchorPoint.h */,
				5E11A6B41A766E3C001924ED /* CRVAnchorPoint.m */,
			);
			name = CropFrame;
			sourceTree = "<group>";
		};
		5E4C99351A651232009AA040 /* Session Task Wrappers */ = {
			isa = PBXGroup;
			children = (
				5E4C99291A642E5F009AA040 /* CRVSessionTaskWrapper.h */,
				5E4C992A1A642E5F009AA040 /* CRVSessionTaskWrapper.m */,
				5E4C992D1A651210009AA040 /* CRVSessionDownloadTaskWrapper.h */,
				5E4C992E1A651210009AA040 /* CRVSessionDownloadTaskWrapper.m */,
				5E4C99311A651228009AA040 /* CRVSessionUploadTaskWrapper.h */,
				5E4C99321A651228009AA040 /* CRVSessionUploadTaskWrapper.m */,
			);
			name = "Session Task Wrappers";
			sourceTree = "<group>";
		};
		5E4C99361A652F76009AA040 /* Categories */ = {
			isa = PBXGroup;
			children = (
				5E5006A11A6E866600444E5D /* NSDictionary+Carrierwave.h */,
				5E5006A21A6E866600444E5D /* NSDictionary+Carrierwave.m */,
				5E5006A51A6E867B00444E5D /* NSURLSessionTask+Carrierwave.h */,
				5E5006A61A6E867B00444E5D /* NSURLSessionTask+Carrierwave.m */,
				7CFA8FBD1A7BB4B800A92F22 /* NSError+Carrierwave.h */,
				7CFA8FBE1A7BB4B800A92F22 /* NSError+Carrierwave.m */,
				5E6F97D91A80CF9A00383533 /* CRVSessionTaskWrapper+Carrierwave.h */,
				5E6F97DA1A80CF9A00383533 /* CRVSessionTaskWrapper+Carrierwave.m */,
			);
			name = Categories;
			sourceTree = "<group>";
		};
		5E56EBF31A5D68C7002E2484 /* Networking */ = {
			isa = PBXGroup;
			children = (
				7CFA8FB31A7BA6E300A92F22 /* Whitelist */,
				5E56EBF61A5D68D2002E2484 /* CRVNetworkManager.h */,
				5E56EBF71A5D68D2002E2484 /* CRVNetworkManager.m */,
				5EBA9F0B1A66F4A900EBB82F /* CRVNetworkTypedefs.h */,
				5E56EBF41A5D68D2002E2484 /* CRVSessionManager.h */,
				5E56EBF51A5D68D2002E2484 /* CRVSessionManager.m */,
				5E4D0A691A60982100A1729B /* CRVSessionTaskManager.h */,
				5E4D0A6A1A60982100A1729B /* CRVSessionTaskManager.m */,
				5E50069D1A6E84E900444E5D /* CRVUploadInfo.h */,
				5E50069E1A6E84E900444E5D /* CRVUploadInfo.m */,
				5E4C99351A651232009AA040 /* Session Task Wrappers */,
			);
			name = Networking;
			sourceTree = "<group>";
		};
		5E94A4C71A7A894600F98C18 /* Categories */ = {
			isa = PBXGroup;
			children = (
				5E94A4C31A7A893D00F98C18 /* CRVScalableView+Math.h */,
				5E94A4C41A7A893D00F98C18 /* CRVScalableView+Math.m */,
				5E06ABA11A77DE4200155F3E /* CRVScalableBorder+Anchors.h */,
				5E06ABA21A77DE4200155F3E /* CRVScalableBorder+Anchors.m */,
			);
			name = Categories;
			sourceTree = "<group>";
		};
		7CFA8FB31A7BA6E300A92F22 /* Whitelist */ = {
			isa = PBXGroup;
			children = (
				7CFA8FAB1A7B9ADD00A92F22 /* CRVWhitelistManager.h */,
				7CFA8FAC1A7B9ADD00A92F22 /* CRVWhitelistManager.m */,
			);
			name = Whitelist;
			sourceTree = "<group>";
		};
/* End PBXGroup section */

/* Begin PBXHeadersBuildPhase section */
		3AE333CB1A4ED06B0030F632 /* Headers */ = {
			isa = PBXHeadersBuildPhase;
			buildActionMask = 2147483647;
			files = (
				3ADC0E711A5ADB10009F4D4B /* CRVImageEditGlassView.h in Headers */,
				5E5006A71A6E867B00444E5D /* NSURLSessionTask+Carrierwave.h in Headers */,
				5E5006A31A6E866600444E5D /* NSDictionary+Carrierwave.h in Headers */,
				3A6F28681A5039BB0049DC9F /* Carrierwave.h in Headers */,
				5E4C99331A651228009AA040 /* CRVSessionUploadTaskWrapper.h in Headers */,
				3ADC0E751A5AE7AA009F4D4B /* CRVImageEditScrollView.h in Headers */,
				5E56EBFA1A5D68D2002E2484 /* CRVNetworkManager.h in Headers */,
				5E6F97DB1A80CF9A00383533 /* CRVSessionTaskWrapper+Carrierwave.h in Headers */,
				5E11A6B11A766D78001924ED /* CRVScalableBorder.h in Headers */,
				5E11A6AC1A766CE0001924ED /* CRVScalableView.h in Headers */,
				5E50069F1A6E84E900444E5D /* CRVUploadInfo.h in Headers */,
				219BBFC71A6959DB003A97D3 /* CRVSaveAssetTask.h in Headers */,
				7CFA8FAD1A7B9ADD00A92F22 /* CRVWhitelistManager.h in Headers */,
				5EBA9F0C1A66F4A900EBB82F /* CRVNetworkTypedefs.h in Headers */,
				219BBFBC1A693BD3003A97D3 /* CRVVideoAssetTypedefs.h in Headers */,
				210E159F1A67C92700342A39 /* CRVVideoAsset.h in Headers */,
				5E06ABA31A77DE4200155F3E /* CRVScalableBorder+Anchors.h in Headers */,
				5E4C992F1A651210009AA040 /* CRVSessionDownloadTaskWrapper.h in Headers */,
				21A75BEB1A6E513A003A7E0A /* CRVVideoDataStreamProvider.h in Headers */,
				3AF3BD9C1A50461D005BF9C4 /* CRVAssetType.h in Headers */,
				5E56EBF81A5D68D2002E2484 /* CRVSessionManager.h in Headers */,
				3AF3BD941A50447A005BF9C4 /* CRVImageAsset.h in Headers */,
				210E15A31A67EB4700342A39 /* CRVAssertTypeUtils.h in Headers */,
				21A75BEF1A6E514E003A7E0A /* CRVVideoFileStreamProvider.h in Headers */,
				7CFA8FBF1A7BB4B800A92F22 /* NSError+Carrierwave.h in Headers */,
				5E94A4C51A7A893D00F98C18 /* CRVScalableView+Math.h in Headers */,
				5E11A6B51A766E3C001924ED /* CRVAnchorPoint.h in Headers */,
				3A3FE8681A517CE60052C58E /* CRVImageEditViewController.h in Headers */,
				5E4C992B1A642E5F009AA040 /* CRVSessionTaskWrapper.h in Headers */,
				5E4D0A6B1A60982100A1729B /* CRVSessionTaskManager.h in Headers */,
			);
			runOnlyForDeploymentPostprocessing = 0;
		};
/* End PBXHeadersBuildPhase section */

/* Begin PBXNativeTarget section */
		3A42F1241A4DBD5300A6F9CD /* Unit Tests */ = {
			isa = PBXNativeTarget;
			buildConfigurationList = 3A42F12D1A4DBD5300A6F9CD /* Build configuration list for PBXNativeTarget "Unit Tests" */;
			buildPhases = (
				3ACF0A711A4DDA1300B95356 /* Check Pods Manifest.lock */,
				3A1DDEC31A4DF6FE00AAAA02 /* Touch precompiled header */,
				3A42F1211A4DBD5300A6F9CD /* Sources */,
				3A42F1221A4DBD5300A6F9CD /* Frameworks */,
				3A42F1231A4DBD5300A6F9CD /* Resources */,
				3ACF0A731A4DDA3000B95356 /* Copy Pods Resources */,
			);
			buildRules = (
			);
			dependencies = (
				3AE334201A4ED2B70030F632 /* PBXTargetDependency */,
			);
			name = "Unit Tests";
			productName = "Unit Tests";
			productReference = 3A42F1251A4DBD5300A6F9CD /* Unit Tests.xctest */;
			productType = "com.apple.product-type.bundle.unit-test";
		};
		3AE333CD1A4ED06B0030F632 /* Carrierwave */ = {
			isa = PBXNativeTarget;
			buildConfigurationList = 3AE333E11A4ED06C0030F632 /* Build configuration list for PBXNativeTarget "Carrierwave" */;
			buildPhases = (
				4BC1D0249CF4511E16702E5F /* Check Pods Manifest.lock */,
				3AE334431A4ED60E0030F632 /* Increment build number */,
				3AE334411A4ED6010030F632 /* Touch precompiled header */,
				3AE333C91A4ED06B0030F632 /* Sources */,
				3AE333CA1A4ED06B0030F632 /* Frameworks */,
				3AE333CB1A4ED06B0030F632 /* Headers */,
				3AE333CC1A4ED06B0030F632 /* Resources */,
				86B82B85CBFD3008528174EB /* Copy Pods Resources */,
			);
			buildRules = (
			);
			dependencies = (
			);
			name = Carrierwave;
			productName = Carrierwave;
			productReference = 3AE333CE1A4ED06B0030F632 /* Carrierwave.framework */;
			productType = "com.apple.product-type.framework";
		};
		3AE333EE1A4ED0AC0030F632 /* Carrierwave Demo */ = {
			isa = PBXNativeTarget;
			buildConfigurationList = 3AE3340F1A4ED0AD0030F632 /* Build configuration list for PBXNativeTarget "Carrierwave Demo" */;
			buildPhases = (
				6EA72F9B118CAD7B648A57DE /* Check Pods Manifest.lock */,
				3AE334421A4ED6090030F632 /* Touch precompiled header */,
				3AE333EB1A4ED0AC0030F632 /* Sources */,
				3AE333EC1A4ED0AC0030F632 /* Frameworks */,
				3AE333ED1A4ED0AC0030F632 /* Resources */,
				3AE3342B1A4ED2F30030F632 /* Embed Frameworks */,
				1EAB828C53648AFDD57977A4 /* Copy Pods Resources */,
			);
			buildRules = (
			);
			dependencies = (
				3AE3342A1A4ED2F30030F632 /* PBXTargetDependency */,
			);
			name = "Carrierwave Demo";
			productName = "Carrierwave Demo";
			productReference = 3AE333EF1A4ED0AC0030F632 /* Carrierwave Demo.app */;
			productType = "com.apple.product-type.application";
		};
/* End PBXNativeTarget section */

/* Begin PBXProject section */
		3AE3408C1A4DB84800993352 /* Project object */ = {
			isa = PBXProject;
			attributes = {
				CLASSPREFIX = CRV;
				LastUpgradeCheck = 0620;
				ORGANIZATIONNAME = "Netguru Sp. z o.o.";
				TargetAttributes = {
					3A42F1241A4DBD5300A6F9CD = {
						CreatedOnToolsVersion = 6.1.1;
					};
					3AE333CD1A4ED06B0030F632 = {
						CreatedOnToolsVersion = 6.2;
					};
					3AE333EE1A4ED0AC0030F632 = {
						CreatedOnToolsVersion = 6.2;
					};
				};
			};
			buildConfigurationList = 3AE3408F1A4DB84800993352 /* Build configuration list for PBXProject "Carrierwave" */;
			compatibilityVersion = "Xcode 3.2";
			developmentRegion = English;
			hasScannedForEncodings = 0;
			knownRegions = (
				en,
				Base,
			);
			mainGroup = 3AE3408B1A4DB84800993352;
			productRefGroup = 3AE340951A4DB84800993352 /* Products */;
			projectDirPath = "";
			projectRoot = "";
			targets = (
				3AE333CD1A4ED06B0030F632 /* Carrierwave */,
				3A42F1241A4DBD5300A6F9CD /* Unit Tests */,
				3AE333EE1A4ED0AC0030F632 /* Carrierwave Demo */,
			);
		};
/* End PBXProject section */

/* Begin PBXResourcesBuildPhase section */
		3A42F1231A4DBD5300A6F9CD /* Resources */ = {
			isa = PBXResourcesBuildPhase;
			buildActionMask = 2147483647;
			files = (
				3AF3BDB21A506D6B005BF9C4 /* pixel.tiff in Resources */,
				3AF3BDAD1A506D6B005BF9C4 /* pixel.gif in Resources */,
				21E6F66C1A690273001505F8 /* seconds.mov in Resources */,
				219BBFB71A690624003A97D3 /* seconds.mp4 in Resources */,
				3AF3BDAF1A506D6B005BF9C4 /* pixel.jpg in Resources */,
				3AF3BDB01A506D6B005BF9C4 /* pixel.png in Resources */,
			);
			runOnlyForDeploymentPostprocessing = 0;
		};
		3AE333CC1A4ED06B0030F632 /* Resources */ = {
			isa = PBXResourcesBuildPhase;
			buildActionMask = 2147483647;
			files = (
			);
			runOnlyForDeploymentPostprocessing = 0;
		};
		3AE333ED1A4ED0AC0030F632 /* Resources */ = {
			isa = PBXResourcesBuildPhase;
			buildActionMask = 2147483647;
			files = (
				3AE3343B1A4ED4B70030F632 /* Main.storyboard in Resources */,
				3AE3343C1A4ED4BC0030F632 /* Images.xcassets in Resources */,
			);
			runOnlyForDeploymentPostprocessing = 0;
		};
/* End PBXResourcesBuildPhase section */

/* Begin PBXShellScriptBuildPhase section */
		1EAB828C53648AFDD57977A4 /* Copy Pods Resources */ = {
			isa = PBXShellScriptBuildPhase;
			buildActionMask = 2147483647;
			files = (
			);
			inputPaths = (
			);
			name = "Copy Pods Resources";
			outputPaths = (
			);
			runOnlyForDeploymentPostprocessing = 0;
			shellPath = /bin/sh;
			shellScript = "\"${SRCROOT}/Pods/Target Support Files/Pods-Demo/Pods-Demo-resources.sh\"\n";
			showEnvVarsInLog = 0;
		};
		3A1DDEC31A4DF6FE00AAAA02 /* Touch precompiled header */ = {
			isa = PBXShellScriptBuildPhase;
			buildActionMask = 2147483647;
			files = (
			);
			inputPaths = (
			);
			name = "Touch precompiled header";
			outputPaths = (
			);
			runOnlyForDeploymentPostprocessing = 0;
			shellPath = /bin/sh;
			shellScript = "#!/bin/bash\ntouch \"$GCC_PREFIX_HEADER\"";
			showEnvVarsInLog = 0;
		};
		3ACF0A711A4DDA1300B95356 /* Check Pods Manifest.lock */ = {
			isa = PBXShellScriptBuildPhase;
			buildActionMask = 2147483647;
			files = (
			);
			inputPaths = (
			);
			name = "Check Pods Manifest.lock";
			outputPaths = (
			);
			runOnlyForDeploymentPostprocessing = 0;
			shellPath = /bin/sh;
			shellScript = "diff \"${PODS_ROOT}/../Podfile.lock\" \"${PODS_ROOT}/Manifest.lock\" > /dev/null\nif [[ $? != 0 ]] ; then\n    cat << EOM\nerror: The sandbox is not in sync with the Podfile.lock. Run 'pod install' or update your CocoaPods installation.\nEOM\n    exit 1\nfi\n";
			showEnvVarsInLog = 0;
		};
		3ACF0A731A4DDA3000B95356 /* Copy Pods Resources */ = {
			isa = PBXShellScriptBuildPhase;
			buildActionMask = 2147483647;
			files = (
			);
			inputPaths = (
			);
			name = "Copy Pods Resources";
			outputPaths = (
			);
			runOnlyForDeploymentPostprocessing = 0;
			shellPath = /bin/sh;
			shellScript = "\"${SRCROOT}/Pods/Target Support Files/Pods-Tests/Pods-Tests-resources.sh\"\n";
			showEnvVarsInLog = 0;
		};
		3AE334411A4ED6010030F632 /* Touch precompiled header */ = {
			isa = PBXShellScriptBuildPhase;
			buildActionMask = 2147483647;
			files = (
			);
			inputPaths = (
			);
			name = "Touch precompiled header";
			outputPaths = (
			);
			runOnlyForDeploymentPostprocessing = 0;
			shellPath = /bin/sh;
			shellScript = "#!/bin/bash\ntouch \"$GCC_PREFIX_HEADER\"";
			showEnvVarsInLog = 0;
		};
		3AE334421A4ED6090030F632 /* Touch precompiled header */ = {
			isa = PBXShellScriptBuildPhase;
			buildActionMask = 2147483647;
			files = (
			);
			inputPaths = (
			);
			name = "Touch precompiled header";
			outputPaths = (
			);
			runOnlyForDeploymentPostprocessing = 0;
			shellPath = /bin/sh;
			shellScript = "#!/bin/bash\ntouch \"$GCC_PREFIX_HEADER\"";
			showEnvVarsInLog = 0;
		};
		3AE334431A4ED60E0030F632 /* Increment build number */ = {
			isa = PBXShellScriptBuildPhase;
			buildActionMask = 2147483647;
			files = (
			);
			inputPaths = (
			);
			name = "Increment build number";
			outputPaths = (
			);
			runOnlyForDeploymentPostprocessing = 0;
			shellPath = /bin/sh;
			shellScript = "#!/bin/bash\nbundleShortVersionString=$(/usr/libexec/PlistBuddy -c \"Print CFBundleShortVersionString\" \"$INFOPLIST_FILE\")\n[[ $bundleShortVersionString =~ ([0-9]*)(.([0-9]*))?(.([0-9]*))? ]]\nbundleVersion=$(( $bundleVersion + ${BASH_REMATCH[1]} * 10000 ))\nbundleVersion=$(( $bundleVersion + $(( ${BASH_REMATCH[3]} * 100 )) ))\nbundleVersion=$(( $bundleVersion + $(( ${BASH_REMATCH[5]} )) ))\nbundleVersionString=$(printf \"%d\" $bundleVersion)\n/usr/libexec/PlistBuddy -c \"Set :CFBundleVersion $bundleVersionString\" \"$INFOPLIST_FILE\"";
			showEnvVarsInLog = 0;
		};
		4BC1D0249CF4511E16702E5F /* Check Pods Manifest.lock */ = {
			isa = PBXShellScriptBuildPhase;
			buildActionMask = 2147483647;
			files = (
			);
			inputPaths = (
			);
			name = "Check Pods Manifest.lock";
			outputPaths = (
			);
			runOnlyForDeploymentPostprocessing = 0;
			shellPath = /bin/sh;
			shellScript = "diff \"${PODS_ROOT}/../Podfile.lock\" \"${PODS_ROOT}/Manifest.lock\" > /dev/null\nif [[ $? != 0 ]] ; then\n    cat << EOM\nerror: The sandbox is not in sync with the Podfile.lock. Run 'pod install' or update your CocoaPods installation.\nEOM\n    exit 1\nfi\n";
			showEnvVarsInLog = 0;
		};
		6EA72F9B118CAD7B648A57DE /* Check Pods Manifest.lock */ = {
			isa = PBXShellScriptBuildPhase;
			buildActionMask = 2147483647;
			files = (
			);
			inputPaths = (
			);
			name = "Check Pods Manifest.lock";
			outputPaths = (
			);
			runOnlyForDeploymentPostprocessing = 0;
			shellPath = /bin/sh;
			shellScript = "diff \"${PODS_ROOT}/../Podfile.lock\" \"${PODS_ROOT}/Manifest.lock\" > /dev/null\nif [[ $? != 0 ]] ; then\n    cat << EOM\nerror: The sandbox is not in sync with the Podfile.lock. Run 'pod install' or update your CocoaPods installation.\nEOM\n    exit 1\nfi\n";
			showEnvVarsInLog = 0;
		};
		86B82B85CBFD3008528174EB /* Copy Pods Resources */ = {
			isa = PBXShellScriptBuildPhase;
			buildActionMask = 2147483647;
			files = (
			);
			inputPaths = (
			);
			name = "Copy Pods Resources";
			outputPaths = (
			);
			runOnlyForDeploymentPostprocessing = 0;
			shellPath = /bin/sh;
			shellScript = "\"${SRCROOT}/Pods/Target Support Files/Pods/Pods-resources.sh\"\n";
			showEnvVarsInLog = 0;
		};
/* End PBXShellScriptBuildPhase section */

/* Begin PBXSourcesBuildPhase section */
		3A42F1211A4DBD5300A6F9CD /* Sources */ = {
			isa = PBXSourcesBuildPhase;
			buildActionMask = 2147483647;
			files = (
				3AF3BDB71A5092E6005BF9C4 /* UIImage+CRVComposition.m in Sources */,
				5EBDBE561A67FA4F001C8ED5 /* NSData+CRVComposition.m in Sources */,
				218C87751A7FAFBD005E1029 /* CRVTestSaveAssetTask.m in Sources */,
				21F40E8E1A81845E000277BD /* CRVSessionTaskManagerSpec.m in Sources */,
				21F0406E1A801DE50042E6A8 /* CRVVideoAssetSpec.m in Sources */,
				3A3FE8611A5161490052C58E /* EXPMatchers+CRVAssetType.m in Sources */,
				21F40E8F1A818460000277BD /* CRVAnchorPointSpec.m in Sources */,
				21F40E8D1A81845C000277BD /* CRVSessionManagerSpec.m in Sources */,
				21F7F9211A8023DA001DEC45 /* CRVAssetTypeBehavior.m in Sources */,
				21F40E901A818463000277BD /* CRVWhitelistManagerSpec.m in Sources */,
				5EBDBE4D1A67D82F001C8ED5 /* OHHTTPStubs+CRVTests.m in Sources */,
				21F40E911A818465000277BD /* CRVSaveAssetTaskSpec.m in Sources */,
				21F40E8B1A818451000277BD /* CRVImageAssetSpec.m in Sources */,
				21F40E8C1A818458000277BD /* CRVNetworkManagerSpec.m in Sources */,
			);
			runOnlyForDeploymentPostprocessing = 0;
		};
		3AE333C91A4ED06B0030F632 /* Sources */ = {
			isa = PBXSourcesBuildPhase;
			buildActionMask = 2147483647;
			files = (
				21A75BF01A6E514E003A7E0A /* CRVVideoFileStreamProvider.m in Sources */,
				3A3FE8691A517CE60052C58E /* CRVImageEditViewController.m in Sources */,
				5E94A4C61A7A893D00F98C18 /* CRVScalableView+Math.m in Sources */,
				5E4C99301A651210009AA040 /* CRVSessionDownloadTaskWrapper.m in Sources */,
				5E5006A41A6E866600444E5D /* NSDictionary+Carrierwave.m in Sources */,
				5E5006A01A6E84E900444E5D /* CRVUploadInfo.m in Sources */,
				3ADC0E761A5AE7AA009F4D4B /* CRVImageEditScrollView.m in Sources */,
				5E4C992C1A642E5F009AA040 /* CRVSessionTaskWrapper.m in Sources */,
				5E5006A81A6E867B00444E5D /* NSURLSessionTask+Carrierwave.m in Sources */,
				5E56EBF91A5D68D2002E2484 /* CRVSessionManager.m in Sources */,
				3ADC0E721A5ADB10009F4D4B /* CRVImageEditGlassView.m in Sources */,
				7CFA8FAE1A7B9ADD00A92F22 /* CRVWhitelistManager.m in Sources */,
				5E11A6B21A766D78001924ED /* CRVScalableBorder.m in Sources */,
				5E4C99341A651228009AA040 /* CRVSessionUploadTaskWrapper.m in Sources */,
				21A75BEC1A6E513A003A7E0A /* CRVVideoDataStreamProvider.m in Sources */,
				5E6F97DC1A80CF9A00383533 /* CRVSessionTaskWrapper+Carrierwave.m in Sources */,
				210E15A41A67EB4700342A39 /* CRVAssertTypeUtils.m in Sources */,
				5E4D0A6C1A60982100A1729B /* CRVSessionTaskManager.m in Sources */,
				5E06ABA41A77DE4200155F3E /* CRVScalableBorder+Anchors.m in Sources */,
				210E15A01A67C92700342A39 /* CRVVideoAsset.m in Sources */,
				5E11A6AD1A766CE0001924ED /* CRVScalableView.m in Sources */,
				5E56EBFB1A5D68D2002E2484 /* CRVNetworkManager.m in Sources */,
				219BBFC81A6959DB003A97D3 /* CRVSaveAssetTask.m in Sources */,
				5E11A6B61A766E3C001924ED /* CRVAnchorPoint.m in Sources */,
				3AF3BD951A50447A005BF9C4 /* CRVImageAsset.m in Sources */,
				7CFA8FC01A7BB4B800A92F22 /* NSError+Carrierwave.m in Sources */,
			);
			runOnlyForDeploymentPostprocessing = 0;
		};
		3AE333EB1A4ED0AC0030F632 /* Sources */ = {
			isa = PBXSourcesBuildPhase;
			buildActionMask = 2147483647;
			files = (
				3A58AAD41A5E97BF0056E21D /* CRVRootViewController.m in Sources */,
				3A6F286B1A5039C30049DC9F /* CRVAppDelegate.m in Sources */,
				3AE334321A4ED4840030F632 /* Carrierwave-Demo-Main.m in Sources */,
			);
			runOnlyForDeploymentPostprocessing = 0;
		};
/* End PBXSourcesBuildPhase section */

/* Begin PBXTargetDependency section */
		3AE334201A4ED2B70030F632 /* PBXTargetDependency */ = {
			isa = PBXTargetDependency;
			target = 3AE333CD1A4ED06B0030F632 /* Carrierwave */;
			targetProxy = 3AE3341F1A4ED2B70030F632 /* PBXContainerItemProxy */;
		};
		3AE3342A1A4ED2F30030F632 /* PBXTargetDependency */ = {
			isa = PBXTargetDependency;
			target = 3AE333CD1A4ED06B0030F632 /* Carrierwave */;
			targetProxy = 3AE334291A4ED2F30030F632 /* PBXContainerItemProxy */;
		};
/* End PBXTargetDependency section */

/* Begin XCBuildConfiguration section */
		3A42F1491A4DBF2B00A6F9CD /* Development */ = {
			isa = XCBuildConfiguration;
			buildSettings = {
				CLANG_ALLOW_NON_MODULAR_INCLUDES_IN_FRAMEWORK_MODULES = YES;
				IPHONEOS_DEPLOYMENT_TARGET = 8.0;
				SDKROOT = iphoneos;
			};
			name = Development;
		};
		3A42F14B1A4DBF2B00A6F9CD /* Development */ = {
			isa = XCBuildConfiguration;
			baseConfigurationReference = 3A05FEF91A4E018B005E3C29 /* Tests-Development.xcconfig */;
			buildSettings = {
				CODE_SIGN_IDENTITY = "iPhone Developer";
				GCC_PREFIX_HEADER = "Supporting Files/Unit-Tests-Prefix.pch";
				INFOPLIST_FILE = "Supporting Files/Unit-Tests-Info.plist";
				PRODUCT_NAME = "$(TARGET_NAME)";
			};
			name = Development;
		};
		3A42F16F1A4DC92700A6F9CD /* Production */ = {
			isa = XCBuildConfiguration;
			buildSettings = {
				CLANG_ALLOW_NON_MODULAR_INCLUDES_IN_FRAMEWORK_MODULES = YES;
				IPHONEOS_DEPLOYMENT_TARGET = 8.0;
				SDKROOT = iphoneos;
			};
			name = Production;
		};
		3A42F1711A4DC92700A6F9CD /* Production */ = {
			isa = XCBuildConfiguration;
			baseConfigurationReference = 3A05FEFA1A4E018B005E3C29 /* Tests-Production.xcconfig */;
			buildSettings = {
				CODE_SIGN_IDENTITY = "iPhone Developer";
				GCC_PREFIX_HEADER = "Supporting Files/Unit-Tests-Prefix.pch";
				INFOPLIST_FILE = "Supporting Files/Unit-Tests-Info.plist";
				PRODUCT_NAME = "$(TARGET_NAME)";
			};
			name = Production;
		};
		3A42F1731A4DC93700A6F9CD /* Staging */ = {
			isa = XCBuildConfiguration;
			buildSettings = {
				CLANG_ALLOW_NON_MODULAR_INCLUDES_IN_FRAMEWORK_MODULES = YES;
				IPHONEOS_DEPLOYMENT_TARGET = 8.0;
				SDKROOT = iphoneos;
			};
			name = Staging;
		};
		3A42F1751A4DC93700A6F9CD /* Staging */ = {
			isa = XCBuildConfiguration;
			baseConfigurationReference = 3A05FEFB1A4E018B005E3C29 /* Tests-Staging.xcconfig */;
			buildSettings = {
				CODE_SIGN_IDENTITY = "iPhone Developer";
				GCC_PREFIX_HEADER = "Supporting Files/Unit-Tests-Prefix.pch";
				INFOPLIST_FILE = "Supporting Files/Unit-Tests-Info.plist";
				PRODUCT_NAME = "$(TARGET_NAME)";
			};
			name = Staging;
		};
		3A42F1771A4DC93C00A6F9CD /* Test */ = {
			isa = XCBuildConfiguration;
			buildSettings = {
				CLANG_ALLOW_NON_MODULAR_INCLUDES_IN_FRAMEWORK_MODULES = YES;
				IPHONEOS_DEPLOYMENT_TARGET = 8.0;
				SDKROOT = iphoneos;
			};
			name = Test;
		};
		3A42F1791A4DC93C00A6F9CD /* Test */ = {
			isa = XCBuildConfiguration;
			baseConfigurationReference = 3A05FEF81A4E00C5005E3C29 /* Tests-Test.xcconfig */;
			buildSettings = {
				CODE_SIGN_IDENTITY = "iPhone Developer";
				GCC_PREFIX_HEADER = "Supporting Files/Unit-Tests-Prefix.pch";
				INFOPLIST_FILE = "Supporting Files/Unit-Tests-Info.plist";
				PRODUCT_NAME = "$(TARGET_NAME)";
			};
			name = Test;
		};
		3AE333E21A4ED06C0030F632 /* Development */ = {
			isa = XCBuildConfiguration;
			baseConfigurationReference = 3A42F1511A4DC7CE00A6F9CD /* Development.xcconfig */;
			buildSettings = {
				CLANG_ALLOW_NON_MODULAR_INCLUDES_IN_FRAMEWORK_MODULES = NO;
				CLANG_ENABLE_OBJC_ARC = YES;
				CODE_SIGN_IDENTITY = "iPhone Developer";
				GCC_PREFIX_HEADER = "Supporting Files/Carrierwave-Prefix.pch";
				INFOPLIST_FILE = "Supporting Files/Carrierwave-Info.plist";
				PRODUCT_NAME = Carrierwave;
				TARGETED_DEVICE_FAMILY = "1,2";
			};
			name = Development;
		};
		3AE333E31A4ED06C0030F632 /* Production */ = {
			isa = XCBuildConfiguration;
			baseConfigurationReference = 3A42F16C1A4DC81A00A6F9CD /* Production.xcconfig */;
			buildSettings = {
				CLANG_ALLOW_NON_MODULAR_INCLUDES_IN_FRAMEWORK_MODULES = NO;
				CLANG_ENABLE_OBJC_ARC = YES;
				CODE_SIGN_IDENTITY = "iPhone Developer";
				GCC_PREFIX_HEADER = "Supporting Files/Carrierwave-Prefix.pch";
				INFOPLIST_FILE = "Supporting Files/Carrierwave-Info.plist";
				PRODUCT_NAME = Carrierwave;
				TARGETED_DEVICE_FAMILY = "1,2";
			};
			name = Production;
		};
		3AE333E41A4ED06C0030F632 /* Staging */ = {
			isa = XCBuildConfiguration;
			baseConfigurationReference = 3A42F16D1A4DC81A00A6F9CD /* Staging.xcconfig */;
			buildSettings = {
				CLANG_ALLOW_NON_MODULAR_INCLUDES_IN_FRAMEWORK_MODULES = NO;
				CLANG_ENABLE_OBJC_ARC = YES;
				CODE_SIGN_IDENTITY = "iPhone Developer";
				GCC_PREFIX_HEADER = "Supporting Files/Carrierwave-Prefix.pch";
				INFOPLIST_FILE = "Supporting Files/Carrierwave-Info.plist";
				PRODUCT_NAME = Carrierwave;
				TARGETED_DEVICE_FAMILY = "1,2";
			};
			name = Staging;
		};
		3AE333E51A4ED06C0030F632 /* Test */ = {
			isa = XCBuildConfiguration;
			baseConfigurationReference = 3A42F16E1A4DC81A00A6F9CD /* Test.xcconfig */;
			buildSettings = {
				CLANG_ALLOW_NON_MODULAR_INCLUDES_IN_FRAMEWORK_MODULES = NO;
				CLANG_ENABLE_OBJC_ARC = YES;
				CODE_SIGN_IDENTITY = "iPhone Developer";
				GCC_PREFIX_HEADER = "Supporting Files/Carrierwave-Prefix.pch";
				INFOPLIST_FILE = "Supporting Files/Carrierwave-Info.plist";
				PRODUCT_NAME = Carrierwave;
				TARGETED_DEVICE_FAMILY = "1,2";
			};
			name = Test;
		};
		3AE334101A4ED0AD0030F632 /* Development */ = {
			isa = XCBuildConfiguration;
			baseConfigurationReference = 3AE3341A1A4ED11E0030F632 /* Demo-Development.xcconfig */;
			buildSettings = {
				ASSETCATALOG_COMPILER_APPICON_NAME = "App-Icon";
				ASSETCATALOG_COMPILER_LAUNCHIMAGE_NAME = "Launch-Image";
				CODE_SIGN_IDENTITY = "iPhone Developer";
				GCC_PREFIX_HEADER = "Supporting Files/Carrierwave-Demo-Prefix.pch";
				INFOPLIST_FILE = "Supporting Files/Carrierwave-Demo-Info.plist";
				LD_RUNPATH_SEARCH_PATHS = "$(inherited) @executable_path/Frameworks";
				PRODUCT_NAME = "Carrierwave Demo";
				TARGETED_DEVICE_FAMILY = 1;
			};
			name = Development;
		};
		3AE334111A4ED0AD0030F632 /* Production */ = {
			isa = XCBuildConfiguration;
			baseConfigurationReference = 3AE3341B1A4ED11E0030F632 /* Demo-Production.xcconfig */;
			buildSettings = {
				ASSETCATALOG_COMPILER_APPICON_NAME = "App-Icon";
				ASSETCATALOG_COMPILER_LAUNCHIMAGE_NAME = "Launch-Image";
				CODE_SIGN_IDENTITY = "iPhone Developer";
				GCC_PREFIX_HEADER = "Supporting Files/Carrierwave-Demo-Prefix.pch";
				INFOPLIST_FILE = "Supporting Files/Carrierwave-Demo-Info.plist";
				LD_RUNPATH_SEARCH_PATHS = "$(inherited) @executable_path/Frameworks";
				PRODUCT_NAME = "Carrierwave Demo";
				TARGETED_DEVICE_FAMILY = 1;
			};
			name = Production;
		};
		3AE334121A4ED0AD0030F632 /* Staging */ = {
			isa = XCBuildConfiguration;
			baseConfigurationReference = 3AE3341C1A4ED11E0030F632 /* Demo-Staging.xcconfig */;
			buildSettings = {
				ASSETCATALOG_COMPILER_APPICON_NAME = "App-Icon";
				ASSETCATALOG_COMPILER_LAUNCHIMAGE_NAME = "Launch-Image";
				CODE_SIGN_IDENTITY = "iPhone Developer";
				GCC_PREFIX_HEADER = "Supporting Files/Carrierwave-Demo-Prefix.pch";
				INFOPLIST_FILE = "Supporting Files/Carrierwave-Demo-Info.plist";
				LD_RUNPATH_SEARCH_PATHS = "$(inherited) @executable_path/Frameworks";
				PRODUCT_NAME = "Carrierwave Demo";
				TARGETED_DEVICE_FAMILY = 1;
			};
			name = Staging;
		};
		3AE334131A4ED0AD0030F632 /* Test */ = {
			isa = XCBuildConfiguration;
			baseConfigurationReference = 3AE3341D1A4ED11E0030F632 /* Demo-Test.xcconfig */;
			buildSettings = {
				ASSETCATALOG_COMPILER_APPICON_NAME = "App-Icon";
				ASSETCATALOG_COMPILER_LAUNCHIMAGE_NAME = "Launch-Image";
				CODE_SIGN_IDENTITY = "iPhone Developer";
				GCC_PREFIX_HEADER = "Supporting Files/Carrierwave-Demo-Prefix.pch";
				INFOPLIST_FILE = "Supporting Files/Carrierwave-Demo-Info.plist";
				LD_RUNPATH_SEARCH_PATHS = "$(inherited) @executable_path/Frameworks";
				PRODUCT_NAME = "Carrierwave Demo";
				TARGETED_DEVICE_FAMILY = 1;
			};
			name = Test;
		};
/* End XCBuildConfiguration section */

/* Begin XCConfigurationList section */
		3A42F12D1A4DBD5300A6F9CD /* Build configuration list for PBXNativeTarget "Unit Tests" */ = {
			isa = XCConfigurationList;
			buildConfigurations = (
				3A42F14B1A4DBF2B00A6F9CD /* Development */,
				3A42F1711A4DC92700A6F9CD /* Production */,
				3A42F1751A4DC93700A6F9CD /* Staging */,
				3A42F1791A4DC93C00A6F9CD /* Test */,
			);
			defaultConfigurationIsVisible = 0;
			defaultConfigurationName = Development;
		};
		3AE333E11A4ED06C0030F632 /* Build configuration list for PBXNativeTarget "Carrierwave" */ = {
			isa = XCConfigurationList;
			buildConfigurations = (
				3AE333E21A4ED06C0030F632 /* Development */,
				3AE333E31A4ED06C0030F632 /* Production */,
				3AE333E41A4ED06C0030F632 /* Staging */,
				3AE333E51A4ED06C0030F632 /* Test */,
			);
			defaultConfigurationIsVisible = 0;
			defaultConfigurationName = Development;
		};
		3AE3340F1A4ED0AD0030F632 /* Build configuration list for PBXNativeTarget "Carrierwave Demo" */ = {
			isa = XCConfigurationList;
			buildConfigurations = (
				3AE334101A4ED0AD0030F632 /* Development */,
				3AE334111A4ED0AD0030F632 /* Production */,
				3AE334121A4ED0AD0030F632 /* Staging */,
				3AE334131A4ED0AD0030F632 /* Test */,
			);
			defaultConfigurationIsVisible = 0;
			defaultConfigurationName = Development;
		};
		3AE3408F1A4DB84800993352 /* Build configuration list for PBXProject "Carrierwave" */ = {
			isa = XCConfigurationList;
			buildConfigurations = (
				3A42F1491A4DBF2B00A6F9CD /* Development */,
				3A42F16F1A4DC92700A6F9CD /* Production */,
				3A42F1731A4DC93700A6F9CD /* Staging */,
				3A42F1771A4DC93C00A6F9CD /* Test */,
			);
			defaultConfigurationIsVisible = 0;
			defaultConfigurationName = Development;
		};
/* End XCConfigurationList section */
	};
	rootObject = 3AE3408C1A4DB84800993352 /* Project object */;
}
